PODS:
  - Bolts (1.9.0):
    - Bolts/AppLinks (= 1.9.0)
    - Bolts/Tasks (= 1.9.0)
  - Bolts/AppLinks (1.9.0):
    - Bolts/Tasks
  - Bolts/Tasks (1.9.0)
  - Cache (4.1.2)
  - FBSDKCoreKit (4.31.1):
    - Bolts (~> 1.7)
  - FBSDKLoginKit (4.31.1):
    - FBSDKCoreKit
  - FBSDKPlacesKit (4.31.1):
    - FBSDKCoreKit
  - FBSDKShareKit (4.31.1):
    - FBSDKCoreKit (~> 4.31.1)
  - Hue (3.0.1)
  - Imaginary (3.0.3):
    - Cache (~> 4.0)
  - Kingfisher (4.6.3)
  - Lightbox (2.1.2):
    - Hue (~> 3.0)
    - Imaginary (~> 3.0)
  - Realm (3.1.1):
    - Realm/Headers (= 3.1.1)
  - Realm/Headers (3.1.1)
  - RealmSwift (3.1.1):
    - Realm (= 3.1.1)
  - RxCocoa (4.1.2):
    - RxSwift (~> 4.0)
  - RxSwift (4.1.2)
  - SnapKit (4.0.0)
  - Unbox (2.5.0)
  - YandexMobileMetrica/Dynamic (2.9.6)

DEPENDENCIES:
  - FBSDKCoreKit
  - FBSDKLoginKit
  - FBSDKPlacesKit
  - FBSDKShareKit
  - Kingfisher
  - Lightbox
  - RealmSwift
  - RxCocoa
  - RxSwift
  - SnapKit
  - Unbox
  - YandexMobileMetrica/Dynamic

SPEC CHECKSUMS:
  Bolts: ac6567323eac61e203f6a9763667d0f711be34c8
  Cache: bd0233fc688b5e83a27bcd87807db7e6f23adcc5
  FBSDKCoreKit: e08ccfcefa7bc1347a07c276dac9bf6c7fe57024
  FBSDKLoginKit: 99797ac39252fef6f72600b886f6ee60b4b29cab
  FBSDKPlacesKit: c5cafcbcdc9d92820e152e049057838b1bc78088
  FBSDKShareKit: e640c41c9fcd61929eeb3d0c21ad335103e7cb62
  Hue: 93e852fa6211ab35922ad8c293f51c43d6c79eb2
  Imaginary: 9b45836a5af881f452a86e0a1215772ae4712d00
  Kingfisher: 98e6d5b5e807645743e8ed5ececd25d688d38452
  Lightbox: 2dc267df8be2285bc7724cb11cbbf4aaaf59dced
  Realm: 42d1c38a5b1bbcc828b48a7ce702cb86fc68adf4
  RealmSwift: d31937ca6a6ee54acde64ec839523c0a3c04924b
  RxCocoa: d88ba0f1f6abf040011a9eb4b539324fc426843a
  RxSwift: e49536837d9901277638493ea537394d4b55f570
  SnapKit: a42d492c16e80209130a3379f73596c3454b7694
  Unbox: 30e437e6151a6de16139375fd4e8dd9a664cfbf7
  YandexMobileMetrica: 330c11f9e4b8b3b72454c0cd80f61b4231467ebe

PODFILE CHECKSUM: 1a4b12a2f9679cefe66743676e57b8290ed6349f

COCOAPODS: 1.4.0
