PODS:
  - Bolts (1.9.0):
    - Bolts/AppLinks (= 1.9.0)
    - Bolts/Tasks (= 1.9.0)
  - Bolts/AppLinks (1.9.0):
    - Bolts/Tasks
  - Bolts/Tasks (1.9.0)
  - Cache (5.2.0)
  - FBSDKCoreKit (4.39.1):
    - Bolts (~> 1.9)
  - FBSDKLoginKit (4.39.1):
    - FBSDKCoreKit
  - FBSDKPlacesKit (4.39.1):
    - FBSDKCoreKit
  - FBSDKShareKit (4.39.1):
    - FBSDKCoreKit
  - Imaginary (4.2.0):
    - Cache (~> 5.0)
  - Kingfisher (5.1.0)
  - Lightbox (2.3.0):
    - Imaginary (~> 4.0)
  - Realm (3.13.1):
    - Realm/Headers (= 3.13.1)
  - Realm/Headers (3.13.1)
  - RealmSwift (3.13.1):
    - Realm (= 3.13.1)
  - RxAtomic (4.4.0)
  - RxCocoa (4.4.0):
    - RxSwift (~> 4.0)
  - RxSwift (4.4.0):
    - RxAtomic (~> 4.4)
  - SnapKit (4.2.0)
  - Swinject (2.5.0)
  - Unbox (3.0.0)
  - YandexMobileMetrica/Dynamic (3.5.0):
    - YandexMobileMetrica/Dynamic/Core (= 3.5.0)
    - YandexMobileMetrica/Dynamic/Crashes (= 3.5.0)
  - YandexMobileMetrica/Dynamic/Core (3.5.0)
  - YandexMobileMetrica/Dynamic/Crashes (3.5.0):
    - YandexMobileMetrica/Dynamic/Core

DEPENDENCIES:
  - FBSDKCoreKit
  - FBSDKLoginKit
  - FBSDKPlacesKit
  - FBSDKShareKit
  - Kingfisher
  - Lightbox
  - RealmSwift
  - RxCocoa
  - RxSwift
  - SnapKit
  - Swinject
  - Unbox
  - YandexMobileMetrica/Dynamic

SPEC REPOS:
  https://github.com/cocoapods/specs.git:
    - Bolts
    - Cache
    - FBSDKCoreKit
    - FBSDKLoginKit
    - FBSDKPlacesKit
    - FBSDKShareKit
    - Imaginary
    - Kingfisher
    - Lightbox
    - Realm
    - RealmSwift
    - RxAtomic
    - RxCocoa
    - RxSwift
    - SnapKit
    - Swinject
    - Unbox
    - YandexMobileMetrica

SPEC CHECKSUMS:
  Bolts: ac6567323eac61e203f6a9763667d0f711be34c8
  Cache: 807c5d86d01a177f06ede9865add3aea269bbfd4
  FBSDKCoreKit: f442aa96179cc9b382bb4abeb7e340a47cca8f91
  FBSDKLoginKit: c3079d9a4db27c492287b1eed7a4272b28cf8a59
  FBSDKPlacesKit: f5b5e4d1e52cfa7b622891c1fb288cbfe73f3ab9
  FBSDKShareKit: 27d7b982e7b1f4638da2f2b1ab6eba5afc6b5888
  Imaginary: dae33d06dbc2ada22f98afef5eb45cc061311a2c
  Kingfisher: fcec238063d17404fca89bf0a850583211c4cbf6
  Lightbox: d317750e4132bfb871a5307cfe0a2c7d6a583c65
  Realm: 50071da38fe079e0735e47c9f2eae738c68c5996
  RealmSwift: 8a1e6a02b7a08cd17a31e3115143fb69fe5f3fb9
  RxAtomic: eacf60db868c96bfd63320e28619fe29c179656f
  RxCocoa: df63ebf7b9a70d6b4eeea407ed5dd4efc8979749
  RxSwift: 5976ecd04fc2fefd648827c23de5e11157faa973
  SnapKit: fe8a619752f3f27075cc9a90244d75c6c3f27e2a
  Swinject: 82cdb851f63f91bba974e3eca1d69780f2f7677e
  Unbox: 9ed33b2a31f7a8a049f54b94d40c4a52a28c4d9d
  YandexMobileMetrica: 811baea0201471d0bc65d5e8017250505cee0cfe

PODFILE CHECKSUM: fdb6ba4e7b79423b772161d170958a4decbb06ea

COCOAPODS: 1.6.0.beta.2
