PODS:
  - Kingfisher (4.6.1)
  - Realm (3.1.1):
    - Realm/Headers (= 3.1.1)
  - Realm/Headers (3.1.1)
  - RealmSwift (3.1.1):
    - Realm (= 3.1.1)
  - RxCocoa (4.1.1):
    - RxSwift (~> 4.0)
  - RxSwift (4.1.1)
  - SnapKit (4.0.0)
  - Unbox (2.5.0)

DEPENDENCIES:
  - Kingfisher
  - RealmSwift
  - RxCocoa
  - RxSwift
  - SnapKit
  - Unbox

SPEC CHECKSUMS:
  Kingfisher: 1f9157d9c02b380cbd0b7cc890161195164eb634
  Realm: 42d1c38a5b1bbcc828b48a7ce702cb86fc68adf4
  RealmSwift: d31937ca6a6ee54acde64ec839523c0a3c04924b
  RxCocoa: fd0862fd2df95fa55562ad28ffd2522c25eb4a85
  RxSwift: c6e3b1c7b325c7d121cd4327e9d98b7ed746b570
  SnapKit: a42d492c16e80209130a3379f73596c3454b7694
  Unbox: 30e437e6151a6de16139375fd4e8dd9a664cfbf7

PODFILE CHECKSUM: 80af7772bab5e069f69e49512c2b1b42dc119825

COCOAPODS: 1.3.1
