// !$*UTF8*$!
{
	archiveVersion = 1;
	classes = {
	};
	objectVersion = 48;
	objects = {

/* Begin PBXBuildFile section */
		2A626B4EC59CF9D4C1080519 /* Pods_Circle.framework in Frameworks */ = {isa = PBXBuildFile; fileRef = EC945378AF2C38ECAC172475 /* Pods_Circle.framework */; };
		341DD2BF2D4A7408F9B13ED9 /* Pods_CircleTests.framework in Frameworks */ = {isa = PBXBuildFile; fileRef = 962081C589226C394F4E0D88 /* Pods_CircleTests.framework */; };
		8B009D362042B0F6005D3960 /* ShortcutItems.swift in Sources */ = {isa = PBXBuildFile; fileRef = 8B009D352042B0F6005D3960 /* ShortcutItems.swift */; };
		8B009D382042D4A7005D3960 /* InfoSearchTableViewCell.swift in Sources */ = {isa = PBXBuildFile; fileRef = 8B009D372042D4A7005D3960 /* InfoSearchTableViewCell.swift */; };
		8B105CB120260560006A5BBC /* SearchQueryTableViewCell.swift in Sources */ = {isa = PBXBuildFile; fileRef = 8B105CB020260560006A5BBC /* SearchQueryTableViewCell.swift */; };
		8B105CB320288EB3006A5BBC /* LocationModel.swift in Sources */ = {isa = PBXBuildFile; fileRef = 8B105CB220288EB3006A5BBC /* LocationModel.swift */; };
		8B105CB52028A56E006A5BBC /* SearchHistoryViewController.swift in Sources */ = {isa = PBXBuildFile; fileRef = 8B105CB42028A56E006A5BBC /* SearchHistoryViewController.swift */; };
		8B105CB72028A96B006A5BBC /* SearchHistoryTableViewCell.swift in Sources */ = {isa = PBXBuildFile; fileRef = 8B105CB62028A96B006A5BBC /* SearchHistoryTableViewCell.swift */; };
		8B105CB92028AA5C006A5BBC /* SearchHistoryViewModel.swift in Sources */ = {isa = PBXBuildFile; fileRef = 8B105CB82028AA5C006A5BBC /* SearchHistoryViewModel.swift */; };
		8B105CBB202B655A006A5BBC /* KSNotifications.swift in Sources */ = {isa = PBXBuildFile; fileRef = 8B105CBA202B655A006A5BBC /* KSNotifications.swift */; };
		8B147BCF2022FD6E00EDA2D4 /* FavoritesModel.swift in Sources */ = {isa = PBXBuildFile; fileRef = 8B147BCE2022FD6E00EDA2D4 /* FavoritesModel.swift */; };
		8B147BD12023021600EDA2D4 /* FavoritesViewModel.swift in Sources */ = {isa = PBXBuildFile; fileRef = 8B147BD02023021600EDA2D4 /* FavoritesViewModel.swift */; };
		8B147BD42023B13800EDA2D4 /* FavoritesService.swift in Sources */ = {isa = PBXBuildFile; fileRef = 8B147BD32023B13800EDA2D4 /* FavoritesService.swift */; };
		8B147BD820246A4000EDA2D4 /* StandardSettingTableViewCell.swift in Sources */ = {isa = PBXBuildFile; fileRef = 8B147BD720246A4000EDA2D4 /* StandardSettingTableViewCell.swift */; };
		8B147BDA2024A1AE00EDA2D4 /* ResultSearchViewController.swift in Sources */ = {isa = PBXBuildFile; fileRef = 8B147BD92024A1AE00EDA2D4 /* ResultSearchViewController.swift */; };
		8B147BDC2024A3A900EDA2D4 /* SearchViewModel.swift in Sources */ = {isa = PBXBuildFile; fileRef = 8B147BDB2024A3A900EDA2D4 /* SearchViewModel.swift */; };
		8B147BDE2025198200EDA2D4 /* SearchModel.swift in Sources */ = {isa = PBXBuildFile; fileRef = 8B147BDD2025198200EDA2D4 /* SearchModel.swift */; };
		8B18BFD61FFA594D00C7906D /* Color+Extension.swift in Sources */ = {isa = PBXBuildFile; fileRef = 8B18BFD51FFA594D00C7906D /* Color+Extension.swift */; };
		8B18BFD81FFACC6F00C7906D /* PlaceViewModel.swift in Sources */ = {isa = PBXBuildFile; fileRef = 8B18BFD71FFACC6F00C7906D /* PlaceViewModel.swift */; };
		8B18FE082007F8E000E637C7 /* View+Extension.swift in Sources */ = {isa = PBXBuildFile; fileRef = 8B18FE072007F8E000E637C7 /* View+Extension.swift */; };
		8B18FE0A2009113F00E637C7 /* RatingPlacesView.swift in Sources */ = {isa = PBXBuildFile; fileRef = 8B18FE092009113F00E637C7 /* RatingPlacesView.swift */; };
		8B18FE0D200A1F1800E637C7 /* MapViewController.swift in Sources */ = {isa = PBXBuildFile; fileRef = 8B18FE0C200A1F1800E637C7 /* MapViewController.swift */; };
		8B18FE10200A782D00E637C7 /* DetailPlaceViewController.swift in Sources */ = {isa = PBXBuildFile; fileRef = 8B18FE0F200A782D00E637C7 /* DetailPlaceViewController.swift */; };
		8B18FE12200A8FFA00E637C7 /* SettingsViewModel.swift in Sources */ = {isa = PBXBuildFile; fileRef = 8B18FE11200A8FFA00E637C7 /* SettingsViewModel.swift */; };
		8B18FE14200A994F00E637C7 /* FCButtonLoginTableViewCell.swift in Sources */ = {isa = PBXBuildFile; fileRef = 8B18FE13200A994F00E637C7 /* FCButtonLoginTableViewCell.swift */; };
		8B1A80A91FFADAED0039C39A /* CategoryCollectionViewCell.swift in Sources */ = {isa = PBXBuildFile; fileRef = 8B1A80A81FFADAED0039C39A /* CategoryCollectionViewCell.swift */; };
		8B21F30920187DE90013E11C /* DetailPaymentTableViewCell.swift in Sources */ = {isa = PBXBuildFile; fileRef = 8B21F30820187DE90013E11C /* DetailPaymentTableViewCell.swift */; };
		8B2940B02018AE94004CB9AD /* ListPaymentsCollectionDataSource.swift in Sources */ = {isa = PBXBuildFile; fileRef = 8B2940AF2018AE94004CB9AD /* ListPaymentsCollectionDataSource.swift */; };
		8B2940B22018B160004CB9AD /* DetailPlaceModel.swift in Sources */ = {isa = PBXBuildFile; fileRef = 8B2940B12018B160004CB9AD /* DetailPlaceModel.swift */; };
		8B2A3F252030952400D5856E /* DetailService.swift in Sources */ = {isa = PBXBuildFile; fileRef = 8B2A3F242030952400D5856E /* DetailService.swift */; };
		8B2D741120387A520022BDCC /* KSTableView.swift in Sources */ = {isa = PBXBuildFile; fileRef = 8B2D741020387A520022BDCC /* KSTableView.swift */; };
		8B3398CC200F61E6002966ED /* DetailPlaceViewModel.swift in Sources */ = {isa = PBXBuildFile; fileRef = 8B3398CB200F61E6002966ED /* DetailPlaceViewModel.swift */; };
		8B3398CE200F66B5002966ED /* DetailDescriptionTableViewCell.swift in Sources */ = {isa = PBXBuildFile; fileRef = 8B3398CD200F66B5002966ED /* DetailDescriptionTableViewCell.swift */; };
		8B3398D0200F7597002966ED /* String+Extension.swift in Sources */ = {isa = PBXBuildFile; fileRef = 8B3398CF200F7597002966ED /* String+Extension.swift */; };
		8B3398D2200F77E4002966ED /* DeatilContactsTableViewCell.swift in Sources */ = {isa = PBXBuildFile; fileRef = 8B3398D1200F77E4002966ED /* DeatilContactsTableViewCell.swift */; };
		8B3398D4200FE5E2002966ED /* DetailAddressTableViewCell.swift in Sources */ = {isa = PBXBuildFile; fileRef = 8B3398D3200FE5E2002966ED /* DetailAddressTableViewCell.swift */; };
		8B3398D620127670002966ED /* DetailSectionTableViewCell.swift in Sources */ = {isa = PBXBuildFile; fileRef = 8B3398D520127670002966ED /* DetailSectionTableViewCell.swift */; };
		8B41154B1FDB2CEF00C6614C /* AppDelegate.swift in Sources */ = {isa = PBXBuildFile; fileRef = 8B41154A1FDB2CEF00C6614C /* AppDelegate.swift */; };
		8B41154D1FDB2CEF00C6614C /* PlacesViewController.swift in Sources */ = {isa = PBXBuildFile; fileRef = 8B41154C1FDB2CEF00C6614C /* PlacesViewController.swift */; };
		8B4115521FDB2CEF00C6614C /* Assets.xcassets in Resources */ = {isa = PBXBuildFile; fileRef = 8B4115511FDB2CEF00C6614C /* Assets.xcassets */; };
		8B4115551FDB2CEF00C6614C /* LaunchScreen.storyboard in Resources */ = {isa = PBXBuildFile; fileRef = 8B4115531FDB2CEF00C6614C /* LaunchScreen.storyboard */; };
		8B4115601FDB2CEF00C6614C /* CircleTests.swift in Sources */ = {isa = PBXBuildFile; fileRef = 8B41155F1FDB2CEF00C6614C /* CircleTests.swift */; };
		8B41156B1FDC83AF00C6614C /* Router.swift in Sources */ = {isa = PBXBuildFile; fileRef = 8B41156A1FDC83AF00C6614C /* Router.swift */; };
		8B41156D1FDC845B00C6614C /* AppInjections.swift in Sources */ = {isa = PBXBuildFile; fileRef = 8B41156C1FDC845B00C6614C /* AppInjections.swift */; };
		8B41770A1FFD5785002A963A /* ActivityIndicatorView.swift in Sources */ = {isa = PBXBuildFile; fileRef = 8B4177091FFD5785002A963A /* ActivityIndicatorView.swift */; };
		8B4177191FFD670B002A963A /* DeviceType.swift in Sources */ = {isa = PBXBuildFile; fileRef = 8B4177181FFD670B002A963A /* DeviceType.swift */; };
		8B44C37D1FEFDFA5003C0754 /* LocationService.swift in Sources */ = {isa = PBXBuildFile; fileRef = 8B44C37C1FEFDFA5003C0754 /* LocationService.swift */; };
		8B44C37F1FEFE195003C0754 /* QuickAlertController.swift in Sources */ = {isa = PBXBuildFile; fileRef = 8B44C37E1FEFE195003C0754 /* QuickAlertController.swift */; };
		8B44C3831FF012C8003C0754 /* SettingsViewController.swift in Sources */ = {isa = PBXBuildFile; fileRef = 8B44C3821FF012C8003C0754 /* SettingsViewController.swift */; };
		8B5F71511FF916B300E628F9 /* PlaceService.swift in Sources */ = {isa = PBXBuildFile; fileRef = 8B5F71501FF916B300E628F9 /* PlaceService.swift */; };
		8B5F71531FF923A700E628F9 /* PlaceModel.swift in Sources */ = {isa = PBXBuildFile; fileRef = 8B5F71521FF923A700E628F9 /* PlaceModel.swift */; };
		8B5F71571FF93C9700E628F9 /* PlaceTableViewCell.swift in Sources */ = {isa = PBXBuildFile; fileRef = 8B5F71561FF93C9700E628F9 /* PlaceTableViewCell.swift */; };
		8B6A37A5202B96C8003CD1A8 /* SwitchSettingTableViewCell.swift in Sources */ = {isa = PBXBuildFile; fileRef = 8B6A37A4202B96C8003CD1A8 /* SwitchSettingTableViewCell.swift */; };
		8B6A37A8202DA9A1003CD1A8 /* SettingsModel.swift in Sources */ = {isa = PBXBuildFile; fileRef = 8B6A37A7202DA9A1003CD1A8 /* SettingsModel.swift */; };
		8B6A37AA202DD403003CD1A8 /* ListFavoritesNoticeViewController.swift in Sources */ = {isa = PBXBuildFile; fileRef = 8B6A37A9202DD403003CD1A8 /* ListFavoritesNoticeViewController.swift */; };
		8B6A37AC202DD484003CD1A8 /* ListFavoritesNoticeViewModel.swift in Sources */ = {isa = PBXBuildFile; fileRef = 8B6A37AB202DD484003CD1A8 /* ListFavoritesNoticeViewModel.swift */; };
		8B6A37AE202DD547003CD1A8 /* ListFavoritesNoticeTableViewCell.swift in Sources */ = {isa = PBXBuildFile; fileRef = 8B6A37AD202DD547003CD1A8 /* ListFavoritesNoticeTableViewCell.swift */; };
		8B6A37B1202E314B003CD1A8 /* DistanceFilterView.swift in Sources */ = {isa = PBXBuildFile; fileRef = 8B6A37B0202E314B003CD1A8 /* DistanceFilterView.swift */; };
		8B6D4E1F1FFBA0CD007904D4 /* PlacesTableViewDataSource.swift in Sources */ = {isa = PBXBuildFile; fileRef = 8B6D4E1E1FFBA0CD007904D4 /* PlacesTableViewDataSource.swift */; };
		8B6D4E211FFBA0DC007904D4 /* PlacesTableViewDelegate.swift in Sources */ = {isa = PBXBuildFile; fileRef = 8B6D4E201FFBA0DC007904D4 /* PlacesTableViewDelegate.swift */; };
		8B82C38620133A0200E0CA89 /* Error+Extension.swift in Sources */ = {isa = PBXBuildFile; fileRef = 8B82C38520133A0200E0CA89 /* Error+Extension.swift */; };
		8B82C38820136D6400E0CA89 /* ListCategoriesViewController.swift in Sources */ = {isa = PBXBuildFile; fileRef = 8B82C38720136D6400E0CA89 /* ListCategoriesViewController.swift */; };
		8B82C38A20137A0500E0CA89 /* ListSubCategoriesViewModel.swift in Sources */ = {isa = PBXBuildFile; fileRef = 8B82C38920137A0500E0CA89 /* ListSubCategoriesViewModel.swift */; };
		8B82C38C2013999B00E0CA89 /* ListContactsCollectionDataSource.swift in Sources */ = {isa = PBXBuildFile; fileRef = 8B82C38B2013999B00E0CA89 /* ListContactsCollectionDataSource.swift */; };
		8B82C38E201399B500E0CA89 /* ListContactsCollectionDelegate.swift in Sources */ = {isa = PBXBuildFile; fileRef = 8B82C38D201399B500E0CA89 /* ListContactsCollectionDelegate.swift */; };
		8B82C39020139C9F00E0CA89 /* ListItemCollectionViewCell.swift in Sources */ = {isa = PBXBuildFile; fileRef = 8B82C38F20139C9F00E0CA89 /* ListItemCollectionViewCell.swift */; };
		8B82C3932014843E00E0CA89 /* OpenGraphService.swift in Sources */ = {isa = PBXBuildFile; fileRef = 8B82C3922014843E00E0CA89 /* OpenGraphService.swift */; };
		8B82C3952014B72500E0CA89 /* FriendsModel.swift in Sources */ = {isa = PBXBuildFile; fileRef = 8B82C3942014B72500E0CA89 /* FriendsModel.swift */; };
		8B82C3982014C95000E0CA89 /* DetailWorkDaysTableViewCell.swift in Sources */ = {isa = PBXBuildFile; fileRef = 8B82C3972014C95000E0CA89 /* DetailWorkDaysTableViewCell.swift */; };
		8B82C39A20150AD000E0CA89 /* WorkDaysCollectionDataSource.swift in Sources */ = {isa = PBXBuildFile; fileRef = 8B82C39920150AD000E0CA89 /* WorkDaysCollectionDataSource.swift */; };
		8B82C39E20150BE600E0CA89 /* WorkDaysCollectionViewCell.swift in Sources */ = {isa = PBXBuildFile; fileRef = 8B82C39D20150BE500E0CA89 /* WorkDaysCollectionViewCell.swift */; };
		8BC3505C201B9B4E00BB375B /* DetailParkingTableViewCell.swift in Sources */ = {isa = PBXBuildFile; fileRef = 8BC3505B201B9B4E00BB375B /* DetailParkingTableViewCell.swift */; };
		8BC3505E201BA1EB00BB375B /* ListPrakingCollectionDataSource.swift in Sources */ = {isa = PBXBuildFile; fileRef = 8BC3505D201BA1EB00BB375B /* ListPrakingCollectionDataSource.swift */; };
		8BC35060201BB40F00BB375B /* DetailRestaurantServiceTableViewCell.swift in Sources */ = {isa = PBXBuildFile; fileRef = 8BC3505F201BB40F00BB375B /* DetailRestaurantServiceTableViewCell.swift */; };
		8BC35063201CF22400BB375B /* ListRServicesCollectionDataSource.swift in Sources */ = {isa = PBXBuildFile; fileRef = 8BC35062201CF22400BB375B /* ListRServicesCollectionDataSource.swift */; };
		8BC35066201CF60700BB375B /* FavoritesViewController.swift in Sources */ = {isa = PBXBuildFile; fileRef = 8BC35065201CF60700BB375B /* FavoritesViewController.swift */; };
		8BC35069201CF64600BB375B /* SearchViewController.swift in Sources */ = {isa = PBXBuildFile; fileRef = 8BC35068201CF64600BB375B /* SearchViewController.swift */; };
		8BC3506C201D13C800BB375B /* ListContactsCollectionViewCell.swift in Sources */ = {isa = PBXBuildFile; fileRef = 8BC3506B201D13C800BB375B /* ListContactsCollectionViewCell.swift */; };
		8BC3506E201DDDA200BB375B /* ListRServiceCollectionViewCell.swift in Sources */ = {isa = PBXBuildFile; fileRef = 8BC3506D201DDDA200BB375B /* ListRServiceCollectionViewCell.swift */; };
		8BC35070201E242D00BB375B /* DetailRestaurantSpecialityTableViewCell.swift in Sources */ = {isa = PBXBuildFile; fileRef = 8BC3506F201E242D00BB375B /* DetailRestaurantSpecialityTableViewCell.swift */; };
		8BC35072201E248600BB375B /* ListRSpecialtiesCollectionDataSource.swift in Sources */ = {isa = PBXBuildFile; fileRef = 8BC35071201E248600BB375B /* ListRSpecialtiesCollectionDataSource.swift */; };
		8BC35074201E250000BB375B /* ListRSpecialityCollectionViewCell.swift in Sources */ = {isa = PBXBuildFile; fileRef = 8BC35073201E250000BB375B /* ListRSpecialityCollectionViewCell.swift */; };
		8BC35076201E298200BB375B /* ListRSpecialtiesCollectionDelegate.swift in Sources */ = {isa = PBXBuildFile; fileRef = 8BC35075201E298200BB375B /* ListRSpecialtiesCollectionDelegate.swift */; };
		8BC35079201E2B1B00BB375B /* ListRServicesCollectionDelegate.swift in Sources */ = {isa = PBXBuildFile; fileRef = 8BC35078201E2B1B00BB375B /* ListRServicesCollectionDelegate.swift */; };
		8BE2089D1FFCD21E0048D690 /* PlaceHeaderTableViewCell.swift in Sources */ = {isa = PBXBuildFile; fileRef = 8BE2089C1FFCD21E0048D690 /* PlaceHeaderTableViewCell.swift */; };
		8BE2089F1FFD17470048D690 /* FilterPlacesViewController.swift in Sources */ = {isa = PBXBuildFile; fileRef = 8BE2089E1FFD17470048D690 /* FilterPlacesViewController.swift */; };
		8BE208A11FFD1D300048D690 /* Controller+Extension.swift in Sources */ = {isa = PBXBuildFile; fileRef = 8BE208A01FFD1D300048D690 /* Controller+Extension.swift */; };
		8BE208A31FFD25750048D690 /* FilterPlacesModel.swift in Sources */ = {isa = PBXBuildFile; fileRef = 8BE208A21FFD25750048D690 /* FilterPlacesModel.swift */; };
		8BE208A51FFD25CB0048D690 /* FilterPlacesViewModel.swift in Sources */ = {isa = PBXBuildFile; fileRef = 8BE208A41FFD25CB0048D690 /* FilterPlacesViewModel.swift */; };
		8BEB4DF31FFAD285008AD1AB /* PlaceSetting.swift in Sources */ = {isa = PBXBuildFile; fileRef = 8BEB4DF21FFAD285008AD1AB /* PlaceSetting.swift */; };
		8BFBF57D200517D000CE2C8B /* CategoriesTableViewDelegate.swift in Sources */ = {isa = PBXBuildFile; fileRef = 8BFBF57C200517D000CE2C8B /* CategoriesTableViewDelegate.swift */; };
		8BFBF57F2005187100CE2C8B /* CategoriesTableViewCell.swift in Sources */ = {isa = PBXBuildFile; fileRef = 8BFBF57E2005187100CE2C8B /* CategoriesTableViewCell.swift */; };
/* End PBXBuildFile section */

/* Begin PBXContainerItemProxy section */
		8B41155C1FDB2CEF00C6614C /* PBXContainerItemProxy */ = {
			isa = PBXContainerItemProxy;
			containerPortal = 8B41153F1FDB2CEF00C6614C /* Project object */;
			proxyType = 1;
			remoteGlobalIDString = 8B4115461FDB2CEF00C6614C;
			remoteInfo = Circle;
		};
/* End PBXContainerItemProxy section */

/* Begin PBXCopyFilesBuildPhase section */
		8BAC19F2202B8B6A009C6547 /* Embed App Extensions */ = {
			isa = PBXCopyFilesBuildPhase;
			buildActionMask = 2147483647;
			dstPath = "";
			dstSubfolderSpec = 13;
			files = (
			);
			name = "Embed App Extensions";
			runOnlyForDeploymentPostprocessing = 0;
		};
/* End PBXCopyFilesBuildPhase section */

/* Begin PBXFileReference section */
		65187D40B7A35C90F17F99D7 /* Pods-Circle.release.xcconfig */ = {isa = PBXFileReference; includeInIndex = 1; lastKnownFileType = text.xcconfig; name = "Pods-Circle.release.xcconfig"; path = "Pods/Target Support Files/Pods-Circle/Pods-Circle.release.xcconfig"; sourceTree = "<group>"; };
		79F55BA9564097FE1F2D7849 /* Pods_CircleUITests.framework */ = {isa = PBXFileReference; explicitFileType = wrapper.framework; includeInIndex = 0; path = Pods_CircleUITests.framework; sourceTree = BUILT_PRODUCTS_DIR; };
		7C60842BBC33FD63E648DBC6 /* Pods-Circle.debug.xcconfig */ = {isa = PBXFileReference; includeInIndex = 1; lastKnownFileType = text.xcconfig; name = "Pods-Circle.debug.xcconfig"; path = "Pods/Target Support Files/Pods-Circle/Pods-Circle.debug.xcconfig"; sourceTree = "<group>"; };
		8B009D352042B0F6005D3960 /* ShortcutItems.swift */ = {isa = PBXFileReference; lastKnownFileType = sourcecode.swift; path = ShortcutItems.swift; sourceTree = "<group>"; };
		8B009D372042D4A7005D3960 /* InfoSearchTableViewCell.swift */ = {isa = PBXFileReference; lastKnownFileType = sourcecode.swift; path = InfoSearchTableViewCell.swift; sourceTree = "<group>"; };
		8B105CB020260560006A5BBC /* SearchQueryTableViewCell.swift */ = {isa = PBXFileReference; lastKnownFileType = sourcecode.swift; path = SearchQueryTableViewCell.swift; sourceTree = "<group>"; };
		8B105CB220288EB3006A5BBC /* LocationModel.swift */ = {isa = PBXFileReference; lastKnownFileType = sourcecode.swift; path = LocationModel.swift; sourceTree = "<group>"; };
		8B105CB42028A56E006A5BBC /* SearchHistoryViewController.swift */ = {isa = PBXFileReference; lastKnownFileType = sourcecode.swift; path = SearchHistoryViewController.swift; sourceTree = "<group>"; };
		8B105CB62028A96B006A5BBC /* SearchHistoryTableViewCell.swift */ = {isa = PBXFileReference; lastKnownFileType = sourcecode.swift; path = SearchHistoryTableViewCell.swift; sourceTree = "<group>"; };
		8B105CB82028AA5C006A5BBC /* SearchHistoryViewModel.swift */ = {isa = PBXFileReference; lastKnownFileType = sourcecode.swift; path = SearchHistoryViewModel.swift; sourceTree = "<group>"; };
		8B105CBA202B655A006A5BBC /* KSNotifications.swift */ = {isa = PBXFileReference; lastKnownFileType = sourcecode.swift; path = KSNotifications.swift; sourceTree = "<group>"; };
		8B147BCE2022FD6E00EDA2D4 /* FavoritesModel.swift */ = {isa = PBXFileReference; lastKnownFileType = sourcecode.swift; path = FavoritesModel.swift; sourceTree = "<group>"; };
		8B147BD02023021600EDA2D4 /* FavoritesViewModel.swift */ = {isa = PBXFileReference; lastKnownFileType = sourcecode.swift; path = FavoritesViewModel.swift; sourceTree = "<group>"; };
		8B147BD32023B13800EDA2D4 /* FavoritesService.swift */ = {isa = PBXFileReference; lastKnownFileType = sourcecode.swift; path = FavoritesService.swift; sourceTree = "<group>"; };
		8B147BD720246A4000EDA2D4 /* StandardSettingTableViewCell.swift */ = {isa = PBXFileReference; lastKnownFileType = sourcecode.swift; path = StandardSettingTableViewCell.swift; sourceTree = "<group>"; };
		8B147BD92024A1AE00EDA2D4 /* ResultSearchViewController.swift */ = {isa = PBXFileReference; lastKnownFileType = sourcecode.swift; path = ResultSearchViewController.swift; sourceTree = "<group>"; };
		8B147BDB2024A3A900EDA2D4 /* SearchViewModel.swift */ = {isa = PBXFileReference; lastKnownFileType = sourcecode.swift; path = SearchViewModel.swift; sourceTree = "<group>"; };
		8B147BDD2025198200EDA2D4 /* SearchModel.swift */ = {isa = PBXFileReference; lastKnownFileType = sourcecode.swift; path = SearchModel.swift; sourceTree = "<group>"; };
		8B18BFD51FFA594D00C7906D /* Color+Extension.swift */ = {isa = PBXFileReference; lastKnownFileType = sourcecode.swift; path = "Color+Extension.swift"; sourceTree = "<group>"; };
		8B18BFD71FFACC6F00C7906D /* PlaceViewModel.swift */ = {isa = PBXFileReference; lastKnownFileType = sourcecode.swift; path = PlaceViewModel.swift; sourceTree = "<group>"; };
		8B18FE072007F8E000E637C7 /* View+Extension.swift */ = {isa = PBXFileReference; lastKnownFileType = sourcecode.swift; path = "View+Extension.swift"; sourceTree = "<group>"; };
		8B18FE092009113F00E637C7 /* RatingPlacesView.swift */ = {isa = PBXFileReference; lastKnownFileType = sourcecode.swift; path = RatingPlacesView.swift; sourceTree = "<group>"; };
		8B18FE0C200A1F1800E637C7 /* MapViewController.swift */ = {isa = PBXFileReference; lastKnownFileType = sourcecode.swift; path = MapViewController.swift; sourceTree = "<group>"; };
		8B18FE0F200A782D00E637C7 /* DetailPlaceViewController.swift */ = {isa = PBXFileReference; lastKnownFileType = sourcecode.swift; path = DetailPlaceViewController.swift; sourceTree = "<group>"; };
		8B18FE11200A8FFA00E637C7 /* SettingsViewModel.swift */ = {isa = PBXFileReference; lastKnownFileType = sourcecode.swift; path = SettingsViewModel.swift; sourceTree = "<group>"; };
		8B18FE13200A994F00E637C7 /* FCButtonLoginTableViewCell.swift */ = {isa = PBXFileReference; lastKnownFileType = sourcecode.swift; path = FCButtonLoginTableViewCell.swift; sourceTree = "<group>"; };
		8B1A80A81FFADAED0039C39A /* CategoryCollectionViewCell.swift */ = {isa = PBXFileReference; lastKnownFileType = sourcecode.swift; path = CategoryCollectionViewCell.swift; sourceTree = "<group>"; };
		8B21F30820187DE90013E11C /* DetailPaymentTableViewCell.swift */ = {isa = PBXFileReference; lastKnownFileType = sourcecode.swift; path = DetailPaymentTableViewCell.swift; sourceTree = "<group>"; };
		8B2940AF2018AE94004CB9AD /* ListPaymentsCollectionDataSource.swift */ = {isa = PBXFileReference; fileEncoding = 4; lastKnownFileType = sourcecode.swift; path = ListPaymentsCollectionDataSource.swift; sourceTree = "<group>"; };
		8B2940B12018B160004CB9AD /* DetailPlaceModel.swift */ = {isa = PBXFileReference; lastKnownFileType = sourcecode.swift; path = DetailPlaceModel.swift; sourceTree = "<group>"; };
		8B2A3F242030952400D5856E /* DetailService.swift */ = {isa = PBXFileReference; lastKnownFileType = sourcecode.swift; path = DetailService.swift; sourceTree = "<group>"; };
		8B2D741020387A520022BDCC /* KSTableView.swift */ = {isa = PBXFileReference; lastKnownFileType = sourcecode.swift; path = KSTableView.swift; sourceTree = "<group>"; };
		8B3398CB200F61E6002966ED /* DetailPlaceViewModel.swift */ = {isa = PBXFileReference; lastKnownFileType = sourcecode.swift; path = DetailPlaceViewModel.swift; sourceTree = "<group>"; };
		8B3398CD200F66B5002966ED /* DetailDescriptionTableViewCell.swift */ = {isa = PBXFileReference; lastKnownFileType = sourcecode.swift; path = DetailDescriptionTableViewCell.swift; sourceTree = "<group>"; };
		8B3398CF200F7597002966ED /* String+Extension.swift */ = {isa = PBXFileReference; lastKnownFileType = sourcecode.swift; path = "String+Extension.swift"; sourceTree = "<group>"; };
		8B3398D1200F77E4002966ED /* DeatilContactsTableViewCell.swift */ = {isa = PBXFileReference; lastKnownFileType = sourcecode.swift; path = DeatilContactsTableViewCell.swift; sourceTree = "<group>"; };
		8B3398D3200FE5E2002966ED /* DetailAddressTableViewCell.swift */ = {isa = PBXFileReference; lastKnownFileType = sourcecode.swift; path = DetailAddressTableViewCell.swift; sourceTree = "<group>"; };
		8B3398D520127670002966ED /* DetailSectionTableViewCell.swift */ = {isa = PBXFileReference; lastKnownFileType = sourcecode.swift; path = DetailSectionTableViewCell.swift; sourceTree = "<group>"; };
		8B4115471FDB2CEF00C6614C /* Circle.app */ = {isa = PBXFileReference; explicitFileType = wrapper.application; includeInIndex = 0; path = Circle.app; sourceTree = BUILT_PRODUCTS_DIR; };
		8B41154A1FDB2CEF00C6614C /* AppDelegate.swift */ = {isa = PBXFileReference; lastKnownFileType = sourcecode.swift; path = AppDelegate.swift; sourceTree = "<group>"; };
		8B41154C1FDB2CEF00C6614C /* PlacesViewController.swift */ = {isa = PBXFileReference; lastKnownFileType = sourcecode.swift; path = PlacesViewController.swift; sourceTree = "<group>"; };
		8B4115511FDB2CEF00C6614C /* Assets.xcassets */ = {isa = PBXFileReference; lastKnownFileType = folder.assetcatalog; path = Assets.xcassets; sourceTree = "<group>"; };
		8B4115541FDB2CEF00C6614C /* Base */ = {isa = PBXFileReference; lastKnownFileType = file.storyboard; name = Base; path = Base.lproj/LaunchScreen.storyboard; sourceTree = "<group>"; };
		8B4115561FDB2CEF00C6614C /* Info.plist */ = {isa = PBXFileReference; lastKnownFileType = text.plist.xml; path = Info.plist; sourceTree = "<group>"; };
		8B41155B1FDB2CEF00C6614C /* CircleTests.xctest */ = {isa = PBXFileReference; explicitFileType = wrapper.cfbundle; includeInIndex = 0; path = CircleTests.xctest; sourceTree = BUILT_PRODUCTS_DIR; };
		8B41155F1FDB2CEF00C6614C /* CircleTests.swift */ = {isa = PBXFileReference; lastKnownFileType = sourcecode.swift; path = CircleTests.swift; sourceTree = "<group>"; };
		8B4115611FDB2CEF00C6614C /* Info.plist */ = {isa = PBXFileReference; lastKnownFileType = text.plist.xml; path = Info.plist; sourceTree = "<group>"; };
		8B41156A1FDC83AF00C6614C /* Router.swift */ = {isa = PBXFileReference; lastKnownFileType = sourcecode.swift; path = Router.swift; sourceTree = "<group>"; };
		8B41156C1FDC845B00C6614C /* AppInjections.swift */ = {isa = PBXFileReference; lastKnownFileType = sourcecode.swift; path = AppInjections.swift; sourceTree = "<group>"; };
		8B4177091FFD5785002A963A /* ActivityIndicatorView.swift */ = {isa = PBXFileReference; lastKnownFileType = sourcecode.swift; path = ActivityIndicatorView.swift; sourceTree = "<group>"; };
		8B4177181FFD670B002A963A /* DeviceType.swift */ = {isa = PBXFileReference; fileEncoding = 4; lastKnownFileType = sourcecode.swift; path = DeviceType.swift; sourceTree = "<group>"; };
		8B44C37C1FEFDFA5003C0754 /* LocationService.swift */ = {isa = PBXFileReference; lastKnownFileType = sourcecode.swift; path = LocationService.swift; sourceTree = "<group>"; };
		8B44C37E1FEFE195003C0754 /* QuickAlertController.swift */ = {isa = PBXFileReference; lastKnownFileType = sourcecode.swift; path = QuickAlertController.swift; sourceTree = "<group>"; };
		8B44C3821FF012C8003C0754 /* SettingsViewController.swift */ = {isa = PBXFileReference; lastKnownFileType = sourcecode.swift; path = SettingsViewController.swift; sourceTree = "<group>"; };
		8B5F71471FF82AAA00E628F9 /* Circle-Bridging-Header.h */ = {isa = PBXFileReference; lastKnownFileType = sourcecode.c.h; path = "Circle-Bridging-Header.h"; sourceTree = "<group>"; };
		8B5F71501FF916B300E628F9 /* PlaceService.swift */ = {isa = PBXFileReference; lastKnownFileType = sourcecode.swift; path = PlaceService.swift; sourceTree = "<group>"; };
		8B5F71521FF923A700E628F9 /* PlaceModel.swift */ = {isa = PBXFileReference; lastKnownFileType = sourcecode.swift; path = PlaceModel.swift; sourceTree = "<group>"; };
		8B5F71561FF93C9700E628F9 /* PlaceTableViewCell.swift */ = {isa = PBXFileReference; lastKnownFileType = sourcecode.swift; path = PlaceTableViewCell.swift; sourceTree = "<group>"; };
		8B6A37A4202B96C8003CD1A8 /* SwitchSettingTableViewCell.swift */ = {isa = PBXFileReference; lastKnownFileType = sourcecode.swift; path = SwitchSettingTableViewCell.swift; sourceTree = "<group>"; };
		8B6A37A7202DA9A1003CD1A8 /* SettingsModel.swift */ = {isa = PBXFileReference; lastKnownFileType = sourcecode.swift; path = SettingsModel.swift; sourceTree = "<group>"; };
		8B6A37A9202DD403003CD1A8 /* ListFavoritesNoticeViewController.swift */ = {isa = PBXFileReference; lastKnownFileType = sourcecode.swift; path = ListFavoritesNoticeViewController.swift; sourceTree = "<group>"; };
		8B6A37AB202DD484003CD1A8 /* ListFavoritesNoticeViewModel.swift */ = {isa = PBXFileReference; lastKnownFileType = sourcecode.swift; path = ListFavoritesNoticeViewModel.swift; sourceTree = "<group>"; };
		8B6A37AD202DD547003CD1A8 /* ListFavoritesNoticeTableViewCell.swift */ = {isa = PBXFileReference; lastKnownFileType = sourcecode.swift; path = ListFavoritesNoticeTableViewCell.swift; sourceTree = "<group>"; };
		8B6A37B0202E314B003CD1A8 /* DistanceFilterView.swift */ = {isa = PBXFileReference; lastKnownFileType = sourcecode.swift; path = DistanceFilterView.swift; sourceTree = "<group>"; };
		8B6D4E1E1FFBA0CD007904D4 /* PlacesTableViewDataSource.swift */ = {isa = PBXFileReference; lastKnownFileType = sourcecode.swift; path = PlacesTableViewDataSource.swift; sourceTree = "<group>"; };
		8B6D4E201FFBA0DC007904D4 /* PlacesTableViewDelegate.swift */ = {isa = PBXFileReference; lastKnownFileType = sourcecode.swift; path = PlacesTableViewDelegate.swift; sourceTree = "<group>"; };
		8B82C38520133A0200E0CA89 /* Error+Extension.swift */ = {isa = PBXFileReference; lastKnownFileType = sourcecode.swift; path = "Error+Extension.swift"; sourceTree = "<group>"; };
		8B82C38720136D6400E0CA89 /* ListCategoriesViewController.swift */ = {isa = PBXFileReference; lastKnownFileType = sourcecode.swift; path = ListCategoriesViewController.swift; sourceTree = "<group>"; };
		8B82C38920137A0500E0CA89 /* ListSubCategoriesViewModel.swift */ = {isa = PBXFileReference; lastKnownFileType = sourcecode.swift; path = ListSubCategoriesViewModel.swift; sourceTree = "<group>"; };
		8B82C38B2013999B00E0CA89 /* ListContactsCollectionDataSource.swift */ = {isa = PBXFileReference; lastKnownFileType = sourcecode.swift; path = ListContactsCollectionDataSource.swift; sourceTree = "<group>"; };
		8B82C38D201399B500E0CA89 /* ListContactsCollectionDelegate.swift */ = {isa = PBXFileReference; lastKnownFileType = sourcecode.swift; path = ListContactsCollectionDelegate.swift; sourceTree = "<group>"; };
		8B82C38F20139C9F00E0CA89 /* ListItemCollectionViewCell.swift */ = {isa = PBXFileReference; lastKnownFileType = sourcecode.swift; path = ListItemCollectionViewCell.swift; sourceTree = "<group>"; };
		8B82C3922014843E00E0CA89 /* OpenGraphService.swift */ = {isa = PBXFileReference; lastKnownFileType = sourcecode.swift; path = OpenGraphService.swift; sourceTree = "<group>"; };
		8B82C3942014B72500E0CA89 /* FriendsModel.swift */ = {isa = PBXFileReference; lastKnownFileType = sourcecode.swift; path = FriendsModel.swift; sourceTree = "<group>"; };
		8B82C3972014C95000E0CA89 /* DetailWorkDaysTableViewCell.swift */ = {isa = PBXFileReference; lastKnownFileType = sourcecode.swift; path = DetailWorkDaysTableViewCell.swift; sourceTree = "<group>"; };
		8B82C39920150AD000E0CA89 /* WorkDaysCollectionDataSource.swift */ = {isa = PBXFileReference; lastKnownFileType = sourcecode.swift; path = WorkDaysCollectionDataSource.swift; sourceTree = "<group>"; };
		8B82C39D20150BE500E0CA89 /* WorkDaysCollectionViewCell.swift */ = {isa = PBXFileReference; lastKnownFileType = sourcecode.swift; path = WorkDaysCollectionViewCell.swift; sourceTree = "<group>"; };
		8BC3505B201B9B4E00BB375B /* DetailParkingTableViewCell.swift */ = {isa = PBXFileReference; lastKnownFileType = sourcecode.swift; path = DetailParkingTableViewCell.swift; sourceTree = "<group>"; };
		8BC3505D201BA1EB00BB375B /* ListPrakingCollectionDataSource.swift */ = {isa = PBXFileReference; lastKnownFileType = sourcecode.swift; path = ListPrakingCollectionDataSource.swift; sourceTree = "<group>"; };
		8BC3505F201BB40F00BB375B /* DetailRestaurantServiceTableViewCell.swift */ = {isa = PBXFileReference; lastKnownFileType = sourcecode.swift; path = DetailRestaurantServiceTableViewCell.swift; sourceTree = "<group>"; };
		8BC35062201CF22400BB375B /* ListRServicesCollectionDataSource.swift */ = {isa = PBXFileReference; lastKnownFileType = sourcecode.swift; path = ListRServicesCollectionDataSource.swift; sourceTree = "<group>"; };
		8BC35065201CF60700BB375B /* FavoritesViewController.swift */ = {isa = PBXFileReference; lastKnownFileType = sourcecode.swift; path = FavoritesViewController.swift; sourceTree = "<group>"; };
		8BC35068201CF64600BB375B /* SearchViewController.swift */ = {isa = PBXFileReference; lastKnownFileType = sourcecode.swift; path = SearchViewController.swift; sourceTree = "<group>"; };
		8BC3506B201D13C800BB375B /* ListContactsCollectionViewCell.swift */ = {isa = PBXFileReference; lastKnownFileType = sourcecode.swift; path = ListContactsCollectionViewCell.swift; sourceTree = "<group>"; };
		8BC3506D201DDDA200BB375B /* ListRServiceCollectionViewCell.swift */ = {isa = PBXFileReference; lastKnownFileType = sourcecode.swift; path = ListRServiceCollectionViewCell.swift; sourceTree = "<group>"; };
		8BC3506F201E242D00BB375B /* DetailRestaurantSpecialityTableViewCell.swift */ = {isa = PBXFileReference; lastKnownFileType = sourcecode.swift; path = DetailRestaurantSpecialityTableViewCell.swift; sourceTree = "<group>"; };
		8BC35071201E248600BB375B /* ListRSpecialtiesCollectionDataSource.swift */ = {isa = PBXFileReference; lastKnownFileType = sourcecode.swift; path = ListRSpecialtiesCollectionDataSource.swift; sourceTree = "<group>"; };
		8BC35073201E250000BB375B /* ListRSpecialityCollectionViewCell.swift */ = {isa = PBXFileReference; lastKnownFileType = sourcecode.swift; path = ListRSpecialityCollectionViewCell.swift; sourceTree = "<group>"; };
		8BC35075201E298200BB375B /* ListRSpecialtiesCollectionDelegate.swift */ = {isa = PBXFileReference; lastKnownFileType = sourcecode.swift; path = ListRSpecialtiesCollectionDelegate.swift; sourceTree = "<group>"; };
		8BC35078201E2B1B00BB375B /* ListRServicesCollectionDelegate.swift */ = {isa = PBXFileReference; lastKnownFileType = sourcecode.swift; path = ListRServicesCollectionDelegate.swift; sourceTree = "<group>"; };
		8BE2089C1FFCD21E0048D690 /* PlaceHeaderTableViewCell.swift */ = {isa = PBXFileReference; lastKnownFileType = sourcecode.swift; path = PlaceHeaderTableViewCell.swift; sourceTree = "<group>"; };
		8BE2089E1FFD17470048D690 /* FilterPlacesViewController.swift */ = {isa = PBXFileReference; lastKnownFileType = sourcecode.swift; path = FilterPlacesViewController.swift; sourceTree = "<group>"; };
		8BE208A01FFD1D300048D690 /* Controller+Extension.swift */ = {isa = PBXFileReference; lastKnownFileType = sourcecode.swift; path = "Controller+Extension.swift"; sourceTree = "<group>"; };
		8BE208A21FFD25750048D690 /* FilterPlacesModel.swift */ = {isa = PBXFileReference; lastKnownFileType = sourcecode.swift; path = FilterPlacesModel.swift; sourceTree = "<group>"; };
		8BE208A41FFD25CB0048D690 /* FilterPlacesViewModel.swift */ = {isa = PBXFileReference; lastKnownFileType = sourcecode.swift; path = FilterPlacesViewModel.swift; sourceTree = "<group>"; };
		8BEB4DF21FFAD285008AD1AB /* PlaceSetting.swift */ = {isa = PBXFileReference; lastKnownFileType = sourcecode.swift; path = PlaceSetting.swift; sourceTree = "<group>"; };
		8BFBF57C200517D000CE2C8B /* CategoriesTableViewDelegate.swift */ = {isa = PBXFileReference; lastKnownFileType = sourcecode.swift; path = CategoriesTableViewDelegate.swift; sourceTree = "<group>"; };
		8BFBF57E2005187100CE2C8B /* CategoriesTableViewCell.swift */ = {isa = PBXFileReference; lastKnownFileType = sourcecode.swift; path = CategoriesTableViewCell.swift; sourceTree = "<group>"; };
		962081C589226C394F4E0D88 /* Pods_CircleTests.framework */ = {isa = PBXFileReference; explicitFileType = wrapper.framework; includeInIndex = 0; path = Pods_CircleTests.framework; sourceTree = BUILT_PRODUCTS_DIR; };
		B0DF7CDED56C3712288ED366 /* Pods-CircleTests.debug.xcconfig */ = {isa = PBXFileReference; includeInIndex = 1; lastKnownFileType = text.xcconfig; name = "Pods-CircleTests.debug.xcconfig"; path = "Pods/Target Support Files/Pods-CircleTests/Pods-CircleTests.debug.xcconfig"; sourceTree = "<group>"; };
		C3DDFE105CCB8469AF87E388 /* Pods-CircleUITests.release.xcconfig */ = {isa = PBXFileReference; includeInIndex = 1; lastKnownFileType = text.xcconfig; name = "Pods-CircleUITests.release.xcconfig"; path = "Pods/Target Support Files/Pods-CircleUITests/Pods-CircleUITests.release.xcconfig"; sourceTree = "<group>"; };
		EC945378AF2C38ECAC172475 /* Pods_Circle.framework */ = {isa = PBXFileReference; explicitFileType = wrapper.framework; includeInIndex = 0; path = Pods_Circle.framework; sourceTree = BUILT_PRODUCTS_DIR; };
		F492590FA08D8B776535C3C1 /* Pods-CircleUITests.debug.xcconfig */ = {isa = PBXFileReference; includeInIndex = 1; lastKnownFileType = text.xcconfig; name = "Pods-CircleUITests.debug.xcconfig"; path = "Pods/Target Support Files/Pods-CircleUITests/Pods-CircleUITests.debug.xcconfig"; sourceTree = "<group>"; };
		F8A689D0A03FBE0C3621184D /* Pods-CircleTests.release.xcconfig */ = {isa = PBXFileReference; includeInIndex = 1; lastKnownFileType = text.xcconfig; name = "Pods-CircleTests.release.xcconfig"; path = "Pods/Target Support Files/Pods-CircleTests/Pods-CircleTests.release.xcconfig"; sourceTree = "<group>"; };
/* End PBXFileReference section */

/* Begin PBXFrameworksBuildPhase section */
		8B4115441FDB2CEF00C6614C /* Frameworks */ = {
			isa = PBXFrameworksBuildPhase;
			buildActionMask = 2147483647;
			files = (
				2A626B4EC59CF9D4C1080519 /* Pods_Circle.framework in Frameworks */,
			);
			runOnlyForDeploymentPostprocessing = 0;
		};
		8B4115581FDB2CEF00C6614C /* Frameworks */ = {
			isa = PBXFrameworksBuildPhase;
			buildActionMask = 2147483647;
			files = (
				341DD2BF2D4A7408F9B13ED9 /* Pods_CircleTests.framework in Frameworks */,
			);
			runOnlyForDeploymentPostprocessing = 0;
		};
/* End PBXFrameworksBuildPhase section */

/* Begin PBXGroup section */
		464E58E6E04DEB6FE5EB3BDC /* Pods */ = {
			isa = PBXGroup;
			children = (
				7C60842BBC33FD63E648DBC6 /* Pods-Circle.debug.xcconfig */,
				65187D40B7A35C90F17F99D7 /* Pods-Circle.release.xcconfig */,
				B0DF7CDED56C3712288ED366 /* Pods-CircleTests.debug.xcconfig */,
				F8A689D0A03FBE0C3621184D /* Pods-CircleTests.release.xcconfig */,
				F492590FA08D8B776535C3C1 /* Pods-CircleUITests.debug.xcconfig */,
				C3DDFE105CCB8469AF87E388 /* Pods-CircleUITests.release.xcconfig */,
			);
			name = Pods;
			sourceTree = "<group>";
		};
		8B147BD2202399D800EDA2D4 /* Table View */ = {
			isa = PBXGroup;
			children = (
				8B6D4E1E1FFBA0CD007904D4 /* PlacesTableViewDataSource.swift */,
				8B6D4E201FFBA0DC007904D4 /* PlacesTableViewDelegate.swift */,
				8B5F71561FF93C9700E628F9 /* PlaceTableViewCell.swift */,
				8BE2089C1FFCD21E0048D690 /* PlaceHeaderTableViewCell.swift */,
			);
			path = "Table View";
			sourceTree = "<group>";
		};
		8B147BD52023C68C00EDA2D4 /* List Cells */ = {
			isa = PBXGroup;
			children = (
				8B82C38F20139C9F00E0CA89 /* ListItemCollectionViewCell.swift */,
				8BC35077201E2AEA00BB375B /* List Restaurant Specialties */,
				8BC3505A201A6FD900BB375B /* List Payments */,
				8BC35064201CF5D400BB375B /* List Restaurant Services */,
				8BC35061201CF17400BB375B /* List Parkings */,
				8B82C39120139F2D00E0CA89 /* Contact Buttons */,
				8B21F30720162F980013E11C /* List Work Days */,
			);
			path = "List Cells";
			sourceTree = "<group>";
		};
		8B147BD620246A1100EDA2D4 /* Setting Cells */ = {
			isa = PBXGroup;
			children = (
				8B18FE13200A994F00E637C7 /* FCButtonLoginTableViewCell.swift */,
				8B147BD720246A4000EDA2D4 /* StandardSettingTableViewCell.swift */,
				8B6A37A4202B96C8003CD1A8 /* SwitchSettingTableViewCell.swift */,
			);
			path = "Setting Cells";
			sourceTree = "<group>";
		};
		8B18BFD91FFACE0100C7906D /* Project Extension */ = {
			isa = PBXGroup;
			children = (
				8B18BFD51FFA594D00C7906D /* Color+Extension.swift */,
				8B3398CF200F7597002966ED /* String+Extension.swift */,
				8BE208A01FFD1D300048D690 /* Controller+Extension.swift */,
				8B18FE072007F8E000E637C7 /* View+Extension.swift */,
				8B82C38520133A0200E0CA89 /* Error+Extension.swift */,
			);
			path = "Project Extension";
			sourceTree = "<group>";
		};
		8B18FE0B20092C1600E637C7 /* Rating View */ = {
			isa = PBXGroup;
			children = (
				8B18FE092009113F00E637C7 /* RatingPlacesView.swift */,
			);
			path = "Rating View";
			sourceTree = "<group>";
		};
		8B18FE0E200A24C200E637C7 /* Map View */ = {
			isa = PBXGroup;
			children = (
				8B18FE0C200A1F1800E637C7 /* MapViewController.swift */,
			);
			path = "Map View";
			sourceTree = "<group>";
		};
		8B18FE15200B5D6C00E637C7 /* Detail Place View */ = {
			isa = PBXGroup;
			children = (
				8B18FE0F200A782D00E637C7 /* DetailPlaceViewController.swift */,
				8B3398CB200F61E6002966ED /* DetailPlaceViewModel.swift */,
				8B2940B12018B160004CB9AD /* DetailPlaceModel.swift */,
				8B2A3F242030952400D5856E /* DetailService.swift */,
				8B3398D72012770C002966ED /* Table Cells */,
			);
			path = "Detail Place View";
			sourceTree = "<group>";
		};
		8B1A80AC1FFAE4640039C39A /* Categories View */ = {
			isa = PBXGroup;
			children = (
				8B82C38720136D6400E0CA89 /* ListCategoriesViewController.swift */,
				8B82C38920137A0500E0CA89 /* ListSubCategoriesViewModel.swift */,
				8B1A80A81FFADAED0039C39A /* CategoryCollectionViewCell.swift */,
			);
			path = "Categories View";
			sourceTree = "<group>";
		};
		8B21F30720162F980013E11C /* List Work Days */ = {
			isa = PBXGroup;
			children = (
				8B82C39920150AD000E0CA89 /* WorkDaysCollectionDataSource.swift */,
				8B82C39D20150BE500E0CA89 /* WorkDaysCollectionViewCell.swift */,
			);
			path = "List Work Days";
			sourceTree = "<group>";
		};
		8B3398D72012770C002966ED /* Table Cells */ = {
			isa = PBXGroup;
			children = (
				8B3398D520127670002966ED /* DetailSectionTableViewCell.swift */,
				8B3398CD200F66B5002966ED /* DetailDescriptionTableViewCell.swift */,
				8B3398D1200F77E4002966ED /* DeatilContactsTableViewCell.swift */,
				8B3398D3200FE5E2002966ED /* DetailAddressTableViewCell.swift */,
				8B82C3972014C95000E0CA89 /* DetailWorkDaysTableViewCell.swift */,
				8B21F30820187DE90013E11C /* DetailPaymentTableViewCell.swift */,
				8BC3505B201B9B4E00BB375B /* DetailParkingTableViewCell.swift */,
				8BC3505F201BB40F00BB375B /* DetailRestaurantServiceTableViewCell.swift */,
				8BC3506F201E242D00BB375B /* DetailRestaurantSpecialityTableViewCell.swift */,
			);
			path = "Table Cells";
			sourceTree = "<group>";
		};
		8B41153E1FDB2CEF00C6614C = {
			isa = PBXGroup;
			children = (
				8B4115491FDB2CEF00C6614C /* Circle */,
				8B41155E1FDB2CEF00C6614C /* CircleTests */,
				8B4115481FDB2CEF00C6614C /* Products */,
				464E58E6E04DEB6FE5EB3BDC /* Pods */,
				A15039993CDB5AF4B26752BE /* Frameworks */,
			);
			sourceTree = "<group>";
		};
		8B4115481FDB2CEF00C6614C /* Products */ = {
			isa = PBXGroup;
			children = (
				8B4115471FDB2CEF00C6614C /* Circle.app */,
				8B41155B1FDB2CEF00C6614C /* CircleTests.xctest */,
			);
			name = Products;
			sourceTree = "<group>";
		};
		8B4115491FDB2CEF00C6614C /* Circle */ = {
			isa = PBXGroup;
			children = (
				8B41154A1FDB2CEF00C6614C /* AppDelegate.swift */,
				8B41156A1FDC83AF00C6614C /* Router.swift */,
				8B41156C1FDC845B00C6614C /* AppInjections.swift */,
				8BC3506A201CF64F00BB375B /* Search Controller Tab */,
				8BC35067201CF62100BB375B /* Favorites Controller Tab */,
				8B44C3841FF012E1003C0754 /* Setting Controller Tab */,
				8B44C3811FF012A2003C0754 /* Places Controller Tab */,
				8B18FE15200B5D6C00E637C7 /* Detail Place View */,
				8B147BD52023C68C00EDA2D4 /* List Cells */,
				8B1A80AC1FFAE4640039C39A /* Categories View */,
				8B18FE0E200A24C200E637C7 /* Map View */,
				8B82C3962014BC7300E0CA89 /* Open Graph Service */,
				8B5F71551FF933BB00E628F9 /* Location Service */,
				8B4177081FFD3D2B002A963A /* Filter Controller */,
				8B44C3801FF00F58003C0754 /* Project Settings */,
				8B18BFD91FFACE0100C7906D /* Project Extension */,
				8B4115511FDB2CEF00C6614C /* Assets.xcassets */,
				8B4115531FDB2CEF00C6614C /* LaunchScreen.storyboard */,
				8B5F71471FF82AAA00E628F9 /* Circle-Bridging-Header.h */,
				8B5F714B1FF82D8200E628F9 /* Info plist */,
			);
			path = Circle;
			sourceTree = "<group>";
		};
		8B41155E1FDB2CEF00C6614C /* CircleTests */ = {
			isa = PBXGroup;
			children = (
				8B41155F1FDB2CEF00C6614C /* CircleTests.swift */,
				8B4115611FDB2CEF00C6614C /* Info.plist */,
			);
			path = CircleTests;
			sourceTree = "<group>";
		};
		8B4177081FFD3D2B002A963A /* Filter Controller */ = {
			isa = PBXGroup;
			children = (
				8BE2089E1FFD17470048D690 /* FilterPlacesViewController.swift */,
				8BE208A21FFD25750048D690 /* FilterPlacesModel.swift */,
				8BE208A41FFD25CB0048D690 /* FilterPlacesViewModel.swift */,
				8B18FE0B20092C1600E637C7 /* Rating View */,
				8BFBF58020051C3C00CE2C8B /* Categories View */,
				8B41771E1FFF69BF002A963A /* Distance View */,
			);
			path = "Filter Controller";
			sourceTree = "<group>";
		};
		8B41771E1FFF69BF002A963A /* Distance View */ = {
			isa = PBXGroup;
			children = (
				8B6A37B0202E314B003CD1A8 /* DistanceFilterView.swift */,
			);
			path = "Distance View";
			sourceTree = "<group>";
		};
		8B44C3801FF00F58003C0754 /* Project Settings */ = {
			isa = PBXGroup;
			children = (
				8B105CBA202B655A006A5BBC /* KSNotifications.swift */,
				8B009D352042B0F6005D3960 /* ShortcutItems.swift */,
				8B2D741020387A520022BDCC /* KSTableView.swift */,
				8B44C37E1FEFE195003C0754 /* QuickAlertController.swift */,
				8B4177091FFD5785002A963A /* ActivityIndicatorView.swift */,
				8B4177181FFD670B002A963A /* DeviceType.swift */,
			);
			path = "Project Settings";
			sourceTree = "<group>";
		};
		8B44C3811FF012A2003C0754 /* Places Controller Tab */ = {
			isa = PBXGroup;
			children = (
				8B41154C1FDB2CEF00C6614C /* PlacesViewController.swift */,
				8B5F71541FF933AC00E628F9 /* Place Service */,
				8B147BD2202399D800EDA2D4 /* Table View */,
			);
			path = "Places Controller Tab";
			sourceTree = "<group>";
		};
		8B44C3841FF012E1003C0754 /* Setting Controller Tab */ = {
			isa = PBXGroup;
			children = (
				8B44C3821FF012C8003C0754 /* SettingsViewController.swift */,
				8B6A37A7202DA9A1003CD1A8 /* SettingsModel.swift */,
				8B18FE11200A8FFA00E637C7 /* SettingsViewModel.swift */,
				8B6A37AF202DE92D003CD1A8 /* List Favorites Notice */,
				8BAC19F3202B9445009C6547 /* Search History Controller */,
				8B147BD620246A1100EDA2D4 /* Setting Cells */,
			);
			path = "Setting Controller Tab";
			sourceTree = "<group>";
		};
		8B5F714B1FF82D8200E628F9 /* Info plist */ = {
			isa = PBXGroup;
			children = (
				8B4115561FDB2CEF00C6614C /* Info.plist */,
			);
			path = "Info plist";
			sourceTree = "<group>";
		};
		8B5F71541FF933AC00E628F9 /* Place Service */ = {
			isa = PBXGroup;
			children = (
				8B5F71521FF923A700E628F9 /* PlaceModel.swift */,
				8B5F71501FF916B300E628F9 /* PlaceService.swift */,
				8B18BFD71FFACC6F00C7906D /* PlaceViewModel.swift */,
				8BEB4DF21FFAD285008AD1AB /* PlaceSetting.swift */,
			);
			path = "Place Service";
			sourceTree = "<group>";
		};
		8B5F71551FF933BB00E628F9 /* Location Service */ = {
			isa = PBXGroup;
			children = (
				8B44C37C1FEFDFA5003C0754 /* LocationService.swift */,
				8B105CB220288EB3006A5BBC /* LocationModel.swift */,
			);
			path = "Location Service";
			sourceTree = "<group>";
		};
		8B6A37AF202DE92D003CD1A8 /* List Favorites Notice */ = {
			isa = PBXGroup;
			children = (
				8B6A37A9202DD403003CD1A8 /* ListFavoritesNoticeViewController.swift */,
				8B6A37AB202DD484003CD1A8 /* ListFavoritesNoticeViewModel.swift */,
				8B6A37AD202DD547003CD1A8 /* ListFavoritesNoticeTableViewCell.swift */,
			);
			path = "List Favorites Notice";
			sourceTree = "<group>";
		};
		8B82C39120139F2D00E0CA89 /* Contact Buttons */ = {
			isa = PBXGroup;
			children = (
				8B82C38B2013999B00E0CA89 /* ListContactsCollectionDataSource.swift */,
				8B82C38D201399B500E0CA89 /* ListContactsCollectionDelegate.swift */,
				8BC3506B201D13C800BB375B /* ListContactsCollectionViewCell.swift */,
			);
			path = "Contact Buttons";
			sourceTree = "<group>";
		};
		8B82C3962014BC7300E0CA89 /* Open Graph Service */ = {
			isa = PBXGroup;
			children = (
				8B82C3922014843E00E0CA89 /* OpenGraphService.swift */,
				8B82C3942014B72500E0CA89 /* FriendsModel.swift */,
			);
			path = "Open Graph Service";
			sourceTree = "<group>";
		};
		8BAC19F3202B9445009C6547 /* Search History Controller */ = {
			isa = PBXGroup;
			children = (
				8B105CB42028A56E006A5BBC /* SearchHistoryViewController.swift */,
				8B105CB82028AA5C006A5BBC /* SearchHistoryViewModel.swift */,
				8B105CB62028A96B006A5BBC /* SearchHistoryTableViewCell.swift */,
			);
			path = "Search History Controller";
			sourceTree = "<group>";
		};
		8BC3505A201A6FD900BB375B /* List Payments */ = {
			isa = PBXGroup;
			children = (
				8B2940AF2018AE94004CB9AD /* ListPaymentsCollectionDataSource.swift */,
			);
			path = "List Payments";
			sourceTree = "<group>";
		};
		8BC35061201CF17400BB375B /* List Parkings */ = {
			isa = PBXGroup;
			children = (
				8BC3505D201BA1EB00BB375B /* ListPrakingCollectionDataSource.swift */,
			);
			path = "List Parkings";
			sourceTree = "<group>";
		};
		8BC35064201CF5D400BB375B /* List Restaurant Services */ = {
			isa = PBXGroup;
			children = (
				8BC35062201CF22400BB375B /* ListRServicesCollectionDataSource.swift */,
				8BC35078201E2B1B00BB375B /* ListRServicesCollectionDelegate.swift */,
				8BC3506D201DDDA200BB375B /* ListRServiceCollectionViewCell.swift */,
			);
			path = "List Restaurant Services";
			sourceTree = "<group>";
		};
		8BC35067201CF62100BB375B /* Favorites Controller Tab */ = {
			isa = PBXGroup;
			children = (
				8BC35065201CF60700BB375B /* FavoritesViewController.swift */,
				8B147BCE2022FD6E00EDA2D4 /* FavoritesModel.swift */,
				8B147BD02023021600EDA2D4 /* FavoritesViewModel.swift */,
				8B147BD32023B13800EDA2D4 /* FavoritesService.swift */,
			);
			path = "Favorites Controller Tab";
			sourceTree = "<group>";
		};
		8BC3506A201CF64F00BB375B /* Search Controller Tab */ = {
			isa = PBXGroup;
			children = (
				8BC35068201CF64600BB375B /* SearchViewController.swift */,
				8B147BDD2025198200EDA2D4 /* SearchModel.swift */,
				8B147BDB2024A3A900EDA2D4 /* SearchViewModel.swift */,
				8B147BD92024A1AE00EDA2D4 /* ResultSearchViewController.swift */,
				8B105CB020260560006A5BBC /* SearchQueryTableViewCell.swift */,
				8B009D372042D4A7005D3960 /* InfoSearchTableViewCell.swift */,
			);
			path = "Search Controller Tab";
			sourceTree = "<group>";
		};
		8BC35077201E2AEA00BB375B /* List Restaurant Specialties */ = {
			isa = PBXGroup;
			children = (
				8BC35071201E248600BB375B /* ListRSpecialtiesCollectionDataSource.swift */,
				8BC35075201E298200BB375B /* ListRSpecialtiesCollectionDelegate.swift */,
				8BC35073201E250000BB375B /* ListRSpecialityCollectionViewCell.swift */,
			);
			path = "List Restaurant Specialties";
			sourceTree = "<group>";
		};
		8BFBF58020051C3C00CE2C8B /* Categories View */ = {
			isa = PBXGroup;
			children = (
				8BFBF57C200517D000CE2C8B /* CategoriesTableViewDelegate.swift */,
				8BFBF57E2005187100CE2C8B /* CategoriesTableViewCell.swift */,
			);
			path = "Categories View";
			sourceTree = "<group>";
		};
		A15039993CDB5AF4B26752BE /* Frameworks */ = {
			isa = PBXGroup;
			children = (
				EC945378AF2C38ECAC172475 /* Pods_Circle.framework */,
				962081C589226C394F4E0D88 /* Pods_CircleTests.framework */,
				79F55BA9564097FE1F2D7849 /* Pods_CircleUITests.framework */,
			);
			name = Frameworks;
			sourceTree = "<group>";
		};
/* End PBXGroup section */

/* Begin PBXNativeTarget section */
		8B4115461FDB2CEF00C6614C /* Circle */ = {
			isa = PBXNativeTarget;
			buildConfigurationList = 8B4115641FDB2CEF00C6614C /* Build configuration list for PBXNativeTarget "Circle" */;
			buildPhases = (
				C58A5043744CA90BF2B80A67 /* [CP] Check Pods Manifest.lock */,
				8B4115431FDB2CEF00C6614C /* Sources */,
				8B4115441FDB2CEF00C6614C /* Frameworks */,
				8B4115451FDB2CEF00C6614C /* Resources */,
				0F0A513428C2CA0A3AFE4EAC /* [CP] Embed Pods Frameworks */,
				BCF1126009D109BA2D0BA57B /* [CP] Copy Pods Resources */,
				8B41156E1FDC858C00C6614C /* ShellScript */,
				8BAC19F2202B8B6A009C6547 /* Embed App Extensions */,
			);
			buildRules = (
			);
			dependencies = (
			);
			name = Circle;
			productName = Circle;
			productReference = 8B4115471FDB2CEF00C6614C /* Circle.app */;
			productType = "com.apple.product-type.application";
		};
		8B41155A1FDB2CEF00C6614C /* CircleTests */ = {
			isa = PBXNativeTarget;
			buildConfigurationList = 8B4115671FDB2CEF00C6614C /* Build configuration list for PBXNativeTarget "CircleTests" */;
			buildPhases = (
				5672E9392BD78DFB1348839A /* [CP] Check Pods Manifest.lock */,
				8B4115571FDB2CEF00C6614C /* Sources */,
				8B4115581FDB2CEF00C6614C /* Frameworks */,
				8B4115591FDB2CEF00C6614C /* Resources */,
				48E9A288A9DFA52442D647CA /* [CP] Embed Pods Frameworks */,
				4668AD07C914AD59863A48DD /* [CP] Copy Pods Resources */,
			);
			buildRules = (
			);
			dependencies = (
				8B41155D1FDB2CEF00C6614C /* PBXTargetDependency */,
			);
			name = CircleTests;
			productName = CircleTests;
			productReference = 8B41155B1FDB2CEF00C6614C /* CircleTests.xctest */;
			productType = "com.apple.product-type.bundle.unit-test";
		};
/* End PBXNativeTarget section */

/* Begin PBXProject section */
		8B41153F1FDB2CEF00C6614C /* Project object */ = {
			isa = PBXProject;
			attributes = {
				LastSwiftUpdateCheck = 0920;
				LastUpgradeCheck = 0920;
				ORGANIZATIONNAME = Kviatkovskii;
				TargetAttributes = {
					8B4115461FDB2CEF00C6614C = {
						CreatedOnToolsVersion = 9.2;
						LastSwiftMigration = 0920;
						ProvisioningStyle = Automatic;
					};
					8B41155A1FDB2CEF00C6614C = {
						CreatedOnToolsVersion = 9.2;
						ProvisioningStyle = Automatic;
						TestTargetID = 8B4115461FDB2CEF00C6614C;
					};
				};
			};
			buildConfigurationList = 8B4115421FDB2CEF00C6614C /* Build configuration list for PBXProject "Circle" */;
			compatibilityVersion = "Xcode 8.0";
			developmentRegion = en;
			hasScannedForEncodings = 0;
			knownRegions = (
				en,
				Base,
			);
			mainGroup = 8B41153E1FDB2CEF00C6614C;
			productRefGroup = 8B4115481FDB2CEF00C6614C /* Products */;
			projectDirPath = "";
			projectRoot = "";
			targets = (
				8B4115461FDB2CEF00C6614C /* Circle */,
				8B41155A1FDB2CEF00C6614C /* CircleTests */,
			);
		};
/* End PBXProject section */

/* Begin PBXResourcesBuildPhase section */
		8B4115451FDB2CEF00C6614C /* Resources */ = {
			isa = PBXResourcesBuildPhase;
			buildActionMask = 2147483647;
			files = (
				8B4115551FDB2CEF00C6614C /* LaunchScreen.storyboard in Resources */,
				8B4115521FDB2CEF00C6614C /* Assets.xcassets in Resources */,
			);
			runOnlyForDeploymentPostprocessing = 0;
		};
		8B4115591FDB2CEF00C6614C /* Resources */ = {
			isa = PBXResourcesBuildPhase;
			buildActionMask = 2147483647;
			files = (
			);
			runOnlyForDeploymentPostprocessing = 0;
		};
/* End PBXResourcesBuildPhase section */

/* Begin PBXShellScriptBuildPhase section */
		0F0A513428C2CA0A3AFE4EAC /* [CP] Embed Pods Frameworks */ = {
			isa = PBXShellScriptBuildPhase;
			buildActionMask = 2147483647;
			files = (
			);
			inputPaths = (
				"${SRCROOT}/Pods/Target Support Files/Pods-Circle/Pods-Circle-frameworks.sh",
				"${BUILT_PRODUCTS_DIR}/Bolts/Bolts.framework",
				"${BUILT_PRODUCTS_DIR}/FBSDKCoreKit/FBSDKCoreKit.framework",
				"${BUILT_PRODUCTS_DIR}/FBSDKLoginKit/FBSDKLoginKit.framework",
				"${BUILT_PRODUCTS_DIR}/FBSDKPlacesKit/FBSDKPlacesKit.framework",
				"${BUILT_PRODUCTS_DIR}/FBSDKShareKit/FBSDKShareKit.framework",
				"${BUILT_PRODUCTS_DIR}/Kingfisher/Kingfisher.framework",
				"${BUILT_PRODUCTS_DIR}/Realm/Realm.framework",
				"${BUILT_PRODUCTS_DIR}/RealmSwift/RealmSwift.framework",
				"${BUILT_PRODUCTS_DIR}/RxCocoa/RxCocoa.framework",
				"${BUILT_PRODUCTS_DIR}/RxSwift/RxSwift.framework",
				"${BUILT_PRODUCTS_DIR}/SnapKit/SnapKit.framework",
				"${BUILT_PRODUCTS_DIR}/Unbox/Unbox.framework",
			);
			name = "[CP] Embed Pods Frameworks";
			outputPaths = (
				"${TARGET_BUILD_DIR}/${FRAMEWORKS_FOLDER_PATH}/Bolts.framework",
				"${TARGET_BUILD_DIR}/${FRAMEWORKS_FOLDER_PATH}/FBSDKCoreKit.framework",
				"${TARGET_BUILD_DIR}/${FRAMEWORKS_FOLDER_PATH}/FBSDKLoginKit.framework",
				"${TARGET_BUILD_DIR}/${FRAMEWORKS_FOLDER_PATH}/FBSDKPlacesKit.framework",
				"${TARGET_BUILD_DIR}/${FRAMEWORKS_FOLDER_PATH}/FBSDKShareKit.framework",
				"${TARGET_BUILD_DIR}/${FRAMEWORKS_FOLDER_PATH}/Kingfisher.framework",
				"${TARGET_BUILD_DIR}/${FRAMEWORKS_FOLDER_PATH}/Realm.framework",
				"${TARGET_BUILD_DIR}/${FRAMEWORKS_FOLDER_PATH}/RealmSwift.framework",
				"${TARGET_BUILD_DIR}/${FRAMEWORKS_FOLDER_PATH}/RxCocoa.framework",
				"${TARGET_BUILD_DIR}/${FRAMEWORKS_FOLDER_PATH}/RxSwift.framework",
				"${TARGET_BUILD_DIR}/${FRAMEWORKS_FOLDER_PATH}/SnapKit.framework",
				"${TARGET_BUILD_DIR}/${FRAMEWORKS_FOLDER_PATH}/Unbox.framework",
			);
			runOnlyForDeploymentPostprocessing = 0;
			shellPath = /bin/sh;
			shellScript = "\"${SRCROOT}/Pods/Target Support Files/Pods-Circle/Pods-Circle-frameworks.sh\"\n";
			showEnvVarsInLog = 0;
		};
		4668AD07C914AD59863A48DD /* [CP] Copy Pods Resources */ = {
			isa = PBXShellScriptBuildPhase;
			buildActionMask = 2147483647;
			files = (
			);
			inputPaths = (
			);
			name = "[CP] Copy Pods Resources";
			outputPaths = (
			);
			runOnlyForDeploymentPostprocessing = 0;
			shellPath = /bin/sh;
			shellScript = "\"${SRCROOT}/Pods/Target Support Files/Pods-CircleTests/Pods-CircleTests-resources.sh\"\n";
			showEnvVarsInLog = 0;
		};
		48E9A288A9DFA52442D647CA /* [CP] Embed Pods Frameworks */ = {
			isa = PBXShellScriptBuildPhase;
			buildActionMask = 2147483647;
			files = (
			);
			inputPaths = (
				"${SRCROOT}/Pods/Target Support Files/Pods-CircleTests/Pods-CircleTests-frameworks.sh",
				"${BUILT_PRODUCTS_DIR}/Bolts/Bolts.framework",
				"${BUILT_PRODUCTS_DIR}/FBSDKCoreKit/FBSDKCoreKit.framework",
				"${BUILT_PRODUCTS_DIR}/FBSDKLoginKit/FBSDKLoginKit.framework",
				"${BUILT_PRODUCTS_DIR}/FBSDKPlacesKit/FBSDKPlacesKit.framework",
				"${BUILT_PRODUCTS_DIR}/FBSDKShareKit/FBSDKShareKit.framework",
				"${BUILT_PRODUCTS_DIR}/Kingfisher/Kingfisher.framework",
				"${BUILT_PRODUCTS_DIR}/Realm/Realm.framework",
				"${BUILT_PRODUCTS_DIR}/RealmSwift/RealmSwift.framework",
				"${BUILT_PRODUCTS_DIR}/RxCocoa/RxCocoa.framework",
				"${BUILT_PRODUCTS_DIR}/RxSwift/RxSwift.framework",
				"${BUILT_PRODUCTS_DIR}/SnapKit/SnapKit.framework",
				"${BUILT_PRODUCTS_DIR}/Unbox/Unbox.framework",
			);
			name = "[CP] Embed Pods Frameworks";
			outputPaths = (
				"${TARGET_BUILD_DIR}/${FRAMEWORKS_FOLDER_PATH}/Bolts.framework",
				"${TARGET_BUILD_DIR}/${FRAMEWORKS_FOLDER_PATH}/FBSDKCoreKit.framework",
				"${TARGET_BUILD_DIR}/${FRAMEWORKS_FOLDER_PATH}/FBSDKLoginKit.framework",
				"${TARGET_BUILD_DIR}/${FRAMEWORKS_FOLDER_PATH}/FBSDKPlacesKit.framework",
				"${TARGET_BUILD_DIR}/${FRAMEWORKS_FOLDER_PATH}/FBSDKShareKit.framework",
				"${TARGET_BUILD_DIR}/${FRAMEWORKS_FOLDER_PATH}/Kingfisher.framework",
				"${TARGET_BUILD_DIR}/${FRAMEWORKS_FOLDER_PATH}/Realm.framework",
				"${TARGET_BUILD_DIR}/${FRAMEWORKS_FOLDER_PATH}/RealmSwift.framework",
				"${TARGET_BUILD_DIR}/${FRAMEWORKS_FOLDER_PATH}/RxCocoa.framework",
				"${TARGET_BUILD_DIR}/${FRAMEWORKS_FOLDER_PATH}/RxSwift.framework",
				"${TARGET_BUILD_DIR}/${FRAMEWORKS_FOLDER_PATH}/SnapKit.framework",
				"${TARGET_BUILD_DIR}/${FRAMEWORKS_FOLDER_PATH}/Unbox.framework",
			);
			runOnlyForDeploymentPostprocessing = 0;
			shellPath = /bin/sh;
			shellScript = "\"${SRCROOT}/Pods/Target Support Files/Pods-CircleTests/Pods-CircleTests-frameworks.sh\"\n";
			showEnvVarsInLog = 0;
		};
		5672E9392BD78DFB1348839A /* [CP] Check Pods Manifest.lock */ = {
			isa = PBXShellScriptBuildPhase;
			buildActionMask = 2147483647;
			files = (
			);
			inputPaths = (
				"${PODS_PODFILE_DIR_PATH}/Podfile.lock",
				"${PODS_ROOT}/Manifest.lock",
			);
			name = "[CP] Check Pods Manifest.lock";
			outputPaths = (
				"$(DERIVED_FILE_DIR)/Pods-CircleTests-checkManifestLockResult.txt",
			);
			runOnlyForDeploymentPostprocessing = 0;
			shellPath = /bin/sh;
			shellScript = "diff \"${PODS_PODFILE_DIR_PATH}/Podfile.lock\" \"${PODS_ROOT}/Manifest.lock\" > /dev/null\nif [ $? != 0 ] ; then\n    # print error to STDERR\n    echo \"error: The sandbox is not in sync with the Podfile.lock. Run 'pod install' or update your CocoaPods installation.\" >&2\n    exit 1\nfi\n# This output is used by Xcode 'outputs' to avoid re-running this script phase.\necho \"SUCCESS\" > \"${SCRIPT_OUTPUT_FILE_0}\"\n";
			showEnvVarsInLog = 0;
		};
		8B41156E1FDC858C00C6614C /* ShellScript */ = {
			isa = PBXShellScriptBuildPhase;
			buildActionMask = 2147483647;
			files = (
			);
			inputPaths = (
			);
			outputPaths = (
			);
			runOnlyForDeploymentPostprocessing = 0;
			shellPath = /bin/sh;
			shellScript = "if which swiftlint >/dev/null; then\n    swiftlint\nelse\n    echo \"warning: SwiftLint not installed, download from https://github.com/realm/SwiftLint\"\nfi";
		};
		BCF1126009D109BA2D0BA57B /* [CP] Copy Pods Resources */ = {
			isa = PBXShellScriptBuildPhase;
			buildActionMask = 2147483647;
			files = (
			);
			inputPaths = (
			);
			name = "[CP] Copy Pods Resources";
			outputPaths = (
			);
			runOnlyForDeploymentPostprocessing = 0;
			shellPath = /bin/sh;
			shellScript = "\"${SRCROOT}/Pods/Target Support Files/Pods-Circle/Pods-Circle-resources.sh\"\n";
			showEnvVarsInLog = 0;
		};
		C58A5043744CA90BF2B80A67 /* [CP] Check Pods Manifest.lock */ = {
			isa = PBXShellScriptBuildPhase;
			buildActionMask = 2147483647;
			files = (
			);
			inputPaths = (
				"${PODS_PODFILE_DIR_PATH}/Podfile.lock",
				"${PODS_ROOT}/Manifest.lock",
			);
			name = "[CP] Check Pods Manifest.lock";
			outputPaths = (
				"$(DERIVED_FILE_DIR)/Pods-Circle-checkManifestLockResult.txt",
			);
			runOnlyForDeploymentPostprocessing = 0;
			shellPath = /bin/sh;
			shellScript = "diff \"${PODS_PODFILE_DIR_PATH}/Podfile.lock\" \"${PODS_ROOT}/Manifest.lock\" > /dev/null\nif [ $? != 0 ] ; then\n    # print error to STDERR\n    echo \"error: The sandbox is not in sync with the Podfile.lock. Run 'pod install' or update your CocoaPods installation.\" >&2\n    exit 1\nfi\n# This output is used by Xcode 'outputs' to avoid re-running this script phase.\necho \"SUCCESS\" > \"${SCRIPT_OUTPUT_FILE_0}\"\n";
			showEnvVarsInLog = 0;
		};
/* End PBXShellScriptBuildPhase section */

/* Begin PBXSourcesBuildPhase section */
		8B4115431FDB2CEF00C6614C /* Sources */ = {
			isa = PBXSourcesBuildPhase;
			buildActionMask = 2147483647;
			files = (
				8B41154D1FDB2CEF00C6614C /* PlacesViewController.swift in Sources */,
				8B3398D2200F77E4002966ED /* DeatilContactsTableViewCell.swift in Sources */,
				8B82C38620133A0200E0CA89 /* Error+Extension.swift in Sources */,
				8B82C3932014843E00E0CA89 /* OpenGraphService.swift in Sources */,
				8BC35074201E250000BB375B /* ListRSpecialityCollectionViewCell.swift in Sources */,
				8B3398CE200F66B5002966ED /* DetailDescriptionTableViewCell.swift in Sources */,
				8B1A80A91FFADAED0039C39A /* CategoryCollectionViewCell.swift in Sources */,
				8B41156D1FDC845B00C6614C /* AppInjections.swift in Sources */,
				8B82C38A20137A0500E0CA89 /* ListSubCategoriesViewModel.swift in Sources */,
				8B82C3952014B72500E0CA89 /* FriendsModel.swift in Sources */,
				8B147BDE2025198200EDA2D4 /* SearchModel.swift in Sources */,
				8BC3505C201B9B4E00BB375B /* DetailParkingTableViewCell.swift in Sources */,
				8B2940B22018B160004CB9AD /* DetailPlaceModel.swift in Sources */,
				8BC35079201E2B1B00BB375B /* ListRServicesCollectionDelegate.swift in Sources */,
				8B147BDA2024A1AE00EDA2D4 /* ResultSearchViewController.swift in Sources */,
				8B18FE14200A994F00E637C7 /* FCButtonLoginTableViewCell.swift in Sources */,
				8B3398D620127670002966ED /* DetailSectionTableViewCell.swift in Sources */,
				8B18FE10200A782D00E637C7 /* DetailPlaceViewController.swift in Sources */,
				8BE208A11FFD1D300048D690 /* Controller+Extension.swift in Sources */,
				8B3398D0200F7597002966ED /* String+Extension.swift in Sources */,
				8BEB4DF31FFAD285008AD1AB /* PlaceSetting.swift in Sources */,
				8B105CB72028A96B006A5BBC /* SearchHistoryTableViewCell.swift in Sources */,
				8B82C38C2013999B00E0CA89 /* ListContactsCollectionDataSource.swift in Sources */,
				8B6A37A8202DA9A1003CD1A8 /* SettingsModel.swift in Sources */,
				8B4177191FFD670B002A963A /* DeviceType.swift in Sources */,
				8B6A37AC202DD484003CD1A8 /* ListFavoritesNoticeViewModel.swift in Sources */,
				8B009D362042B0F6005D3960 /* ShortcutItems.swift in Sources */,
				8B44C3831FF012C8003C0754 /* SettingsViewController.swift in Sources */,
				8B44C37D1FEFDFA5003C0754 /* LocationService.swift in Sources */,
				8BFBF57F2005187100CE2C8B /* CategoriesTableViewCell.swift in Sources */,
				8BE2089F1FFD17470048D690 /* FilterPlacesViewController.swift in Sources */,
				8B6D4E1F1FFBA0CD007904D4 /* PlacesTableViewDataSource.swift in Sources */,
				8B18BFD81FFACC6F00C7906D /* PlaceViewModel.swift in Sources */,
				8B5F71571FF93C9700E628F9 /* PlaceTableViewCell.swift in Sources */,
				8B2D741120387A520022BDCC /* KSTableView.swift in Sources */,
				8BC35066201CF60700BB375B /* FavoritesViewController.swift in Sources */,
				8B3398D4200FE5E2002966ED /* DetailAddressTableViewCell.swift in Sources */,
				8B6A37B1202E314B003CD1A8 /* DistanceFilterView.swift in Sources */,
				8BC35069201CF64600BB375B /* SearchViewController.swift in Sources */,
				8B18FE082007F8E000E637C7 /* View+Extension.swift in Sources */,
				8BC35072201E248600BB375B /* ListRSpecialtiesCollectionDataSource.swift in Sources */,
				8B2A3F252030952400D5856E /* DetailService.swift in Sources */,
				8B147BD42023B13800EDA2D4 /* FavoritesService.swift in Sources */,
				8B82C39A20150AD000E0CA89 /* WorkDaysCollectionDataSource.swift in Sources */,
				8B5F71511FF916B300E628F9 /* PlaceService.swift in Sources */,
				8B82C38E201399B500E0CA89 /* ListContactsCollectionDelegate.swift in Sources */,
				8B41156B1FDC83AF00C6614C /* Router.swift in Sources */,
				8B41770A1FFD5785002A963A /* ActivityIndicatorView.swift in Sources */,
				8B82C39020139C9F00E0CA89 /* ListItemCollectionViewCell.swift in Sources */,
				8B21F30920187DE90013E11C /* DetailPaymentTableViewCell.swift in Sources */,
				8B105CB120260560006A5BBC /* SearchQueryTableViewCell.swift in Sources */,
				8BC35063201CF22400BB375B /* ListRServicesCollectionDataSource.swift in Sources */,
				8BE208A51FFD25CB0048D690 /* FilterPlacesViewModel.swift in Sources */,
				8B105CB320288EB3006A5BBC /* LocationModel.swift in Sources */,
				8BFBF57D200517D000CE2C8B /* CategoriesTableViewDelegate.swift in Sources */,
				8B5F71531FF923A700E628F9 /* PlaceModel.swift in Sources */,
				8B6A37A5202B96C8003CD1A8 /* SwitchSettingTableViewCell.swift in Sources */,
				8B147BD820246A4000EDA2D4 /* StandardSettingTableViewCell.swift in Sources */,
				8B18FE0A2009113F00E637C7 /* RatingPlacesView.swift in Sources */,
				8B82C38820136D6400E0CA89 /* ListCategoriesViewController.swift in Sources */,
				8B44C37F1FEFE195003C0754 /* QuickAlertController.swift in Sources */,
				8B18BFD61FFA594D00C7906D /* Color+Extension.swift in Sources */,
				8B147BCF2022FD6E00EDA2D4 /* FavoritesModel.swift in Sources */,
				8B82C3982014C95000E0CA89 /* DetailWorkDaysTableViewCell.swift in Sources */,
				8BC3506C201D13C800BB375B /* ListContactsCollectionViewCell.swift in Sources */,
				8BC35076201E298200BB375B /* ListRSpecialtiesCollectionDelegate.swift in Sources */,
				8B2940B02018AE94004CB9AD /* ListPaymentsCollectionDataSource.swift in Sources */,
				8B3398CC200F61E6002966ED /* DetailPlaceViewModel.swift in Sources */,
				8B6D4E211FFBA0DC007904D4 /* PlacesTableViewDelegate.swift in Sources */,
				8BE2089D1FFCD21E0048D690 /* PlaceHeaderTableViewCell.swift in Sources */,
				8B147BDC2024A3A900EDA2D4 /* SearchViewModel.swift in Sources */,
				8BE208A31FFD25750048D690 /* FilterPlacesModel.swift in Sources */,
				8B41154B1FDB2CEF00C6614C /* AppDelegate.swift in Sources */,
				8B82C39E20150BE600E0CA89 /* WorkDaysCollectionViewCell.swift in Sources */,
				8BC3506E201DDDA200BB375B /* ListRServiceCollectionViewCell.swift in Sources */,
				8B105CBB202B655A006A5BBC /* KSNotifications.swift in Sources */,
				8B18FE0D200A1F1800E637C7 /* MapViewController.swift in Sources */,
				8B105CB52028A56E006A5BBC /* SearchHistoryViewController.swift in Sources */,
				8B105CB92028AA5C006A5BBC /* SearchHistoryViewModel.swift in Sources */,
				8B18FE12200A8FFA00E637C7 /* SettingsViewModel.swift in Sources */,
				8BC3505E201BA1EB00BB375B /* ListPrakingCollectionDataSource.swift in Sources */,
				8B147BD12023021600EDA2D4 /* FavoritesViewModel.swift in Sources */,
				8BC35070201E242D00BB375B /* DetailRestaurantSpecialityTableViewCell.swift in Sources */,
				8B6A37AA202DD403003CD1A8 /* ListFavoritesNoticeViewController.swift in Sources */,
				8BC35060201BB40F00BB375B /* DetailRestaurantServiceTableViewCell.swift in Sources */,
				8B6A37AE202DD547003CD1A8 /* ListFavoritesNoticeTableViewCell.swift in Sources */,
				8B009D382042D4A7005D3960 /* InfoSearchTableViewCell.swift in Sources */,
			);
			runOnlyForDeploymentPostprocessing = 0;
		};
		8B4115571FDB2CEF00C6614C /* Sources */ = {
			isa = PBXSourcesBuildPhase;
			buildActionMask = 2147483647;
			files = (
				8B4115601FDB2CEF00C6614C /* CircleTests.swift in Sources */,
			);
			runOnlyForDeploymentPostprocessing = 0;
		};
/* End PBXSourcesBuildPhase section */

/* Begin PBXTargetDependency section */
		8B41155D1FDB2CEF00C6614C /* PBXTargetDependency */ = {
			isa = PBXTargetDependency;
			target = 8B4115461FDB2CEF00C6614C /* Circle */;
			targetProxy = 8B41155C1FDB2CEF00C6614C /* PBXContainerItemProxy */;
		};
/* End PBXTargetDependency section */

/* Begin PBXVariantGroup section */
		8B4115531FDB2CEF00C6614C /* LaunchScreen.storyboard */ = {
			isa = PBXVariantGroup;
			children = (
				8B4115541FDB2CEF00C6614C /* Base */,
			);
			name = LaunchScreen.storyboard;
			sourceTree = "<group>";
		};
/* End PBXVariantGroup section */

/* Begin XCBuildConfiguration section */
		8B4115621FDB2CEF00C6614C /* Debug */ = {
			isa = XCBuildConfiguration;
			buildSettings = {
				ALWAYS_SEARCH_USER_PATHS = NO;
				CLANG_ANALYZER_NONNULL = YES;
				CLANG_ANALYZER_NUMBER_OBJECT_CONVERSION = YES_AGGRESSIVE;
				CLANG_CXX_LANGUAGE_STANDARD = "gnu++14";
				CLANG_CXX_LIBRARY = "libc++";
				CLANG_ENABLE_MODULES = YES;
				CLANG_ENABLE_OBJC_ARC = YES;
				CLANG_WARN_BLOCK_CAPTURE_AUTORELEASING = YES;
				CLANG_WARN_BOOL_CONVERSION = YES;
				CLANG_WARN_COMMA = YES;
				CLANG_WARN_CONSTANT_CONVERSION = YES;
				CLANG_WARN_DIRECT_OBJC_ISA_USAGE = YES_ERROR;
				CLANG_WARN_DOCUMENTATION_COMMENTS = YES;
				CLANG_WARN_EMPTY_BODY = YES;
				CLANG_WARN_ENUM_CONVERSION = YES;
				CLANG_WARN_INFINITE_RECURSION = YES;
				CLANG_WARN_INT_CONVERSION = YES;
				CLANG_WARN_NON_LITERAL_NULL_CONVERSION = YES;
				CLANG_WARN_OBJC_LITERAL_CONVERSION = YES;
				CLANG_WARN_OBJC_ROOT_CLASS = YES_ERROR;
				CLANG_WARN_RANGE_LOOP_ANALYSIS = YES;
				CLANG_WARN_STRICT_PROTOTYPES = YES;
				CLANG_WARN_SUSPICIOUS_MOVE = YES;
				CLANG_WARN_UNGUARDED_AVAILABILITY = YES_AGGRESSIVE;
				CLANG_WARN_UNREACHABLE_CODE = YES;
				CLANG_WARN__DUPLICATE_METHOD_MATCH = YES;
				CODE_SIGN_IDENTITY = "iPhone Developer";
				COPY_PHASE_STRIP = NO;
				DEBUG_INFORMATION_FORMAT = dwarf;
				ENABLE_STRICT_OBJC_MSGSEND = YES;
				ENABLE_TESTABILITY = YES;
				GCC_C_LANGUAGE_STANDARD = gnu11;
				GCC_DYNAMIC_NO_PIC = NO;
				GCC_NO_COMMON_BLOCKS = YES;
				GCC_OPTIMIZATION_LEVEL = 0;
				GCC_PREPROCESSOR_DEFINITIONS = (
					"DEBUG=1",
					"$(inherited)",
				);
				GCC_WARN_64_TO_32_BIT_CONVERSION = YES;
				GCC_WARN_ABOUT_RETURN_TYPE = YES_ERROR;
				GCC_WARN_UNDECLARED_SELECTOR = YES;
				GCC_WARN_UNINITIALIZED_AUTOS = YES_AGGRESSIVE;
				GCC_WARN_UNUSED_FUNCTION = YES;
				GCC_WARN_UNUSED_VARIABLE = YES;
				IPHONEOS_DEPLOYMENT_TARGET = 10.0;
				MTL_ENABLE_DEBUG_INFO = YES;
				ONLY_ACTIVE_ARCH = YES;
				SDKROOT = iphoneos;
				SWIFT_ACTIVE_COMPILATION_CONDITIONS = DEBUG;
				SWIFT_OPTIMIZATION_LEVEL = "-Onone";
			};
			name = Debug;
		};
		8B4115631FDB2CEF00C6614C /* Release */ = {
			isa = XCBuildConfiguration;
			buildSettings = {
				ALWAYS_SEARCH_USER_PATHS = NO;
				CLANG_ANALYZER_NONNULL = YES;
				CLANG_ANALYZER_NUMBER_OBJECT_CONVERSION = YES_AGGRESSIVE;
				CLANG_CXX_LANGUAGE_STANDARD = "gnu++14";
				CLANG_CXX_LIBRARY = "libc++";
				CLANG_ENABLE_MODULES = YES;
				CLANG_ENABLE_OBJC_ARC = YES;
				CLANG_WARN_BLOCK_CAPTURE_AUTORELEASING = YES;
				CLANG_WARN_BOOL_CONVERSION = YES;
				CLANG_WARN_COMMA = YES;
				CLANG_WARN_CONSTANT_CONVERSION = YES;
				CLANG_WARN_DIRECT_OBJC_ISA_USAGE = YES_ERROR;
				CLANG_WARN_DOCUMENTATION_COMMENTS = YES;
				CLANG_WARN_EMPTY_BODY = YES;
				CLANG_WARN_ENUM_CONVERSION = YES;
				CLANG_WARN_INFINITE_RECURSION = YES;
				CLANG_WARN_INT_CONVERSION = YES;
				CLANG_WARN_NON_LITERAL_NULL_CONVERSION = YES;
				CLANG_WARN_OBJC_LITERAL_CONVERSION = YES;
				CLANG_WARN_OBJC_ROOT_CLASS = YES_ERROR;
				CLANG_WARN_RANGE_LOOP_ANALYSIS = YES;
				CLANG_WARN_STRICT_PROTOTYPES = YES;
				CLANG_WARN_SUSPICIOUS_MOVE = YES;
				CLANG_WARN_UNGUARDED_AVAILABILITY = YES_AGGRESSIVE;
				CLANG_WARN_UNREACHABLE_CODE = YES;
				CLANG_WARN__DUPLICATE_METHOD_MATCH = YES;
				CODE_SIGN_IDENTITY = "iPhone Developer";
				COPY_PHASE_STRIP = NO;
				DEBUG_INFORMATION_FORMAT = "dwarf-with-dsym";
				ENABLE_NS_ASSERTIONS = NO;
				ENABLE_STRICT_OBJC_MSGSEND = YES;
				GCC_C_LANGUAGE_STANDARD = gnu11;
				GCC_NO_COMMON_BLOCKS = YES;
				GCC_WARN_64_TO_32_BIT_CONVERSION = YES;
				GCC_WARN_ABOUT_RETURN_TYPE = YES_ERROR;
				GCC_WARN_UNDECLARED_SELECTOR = YES;
				GCC_WARN_UNINITIALIZED_AUTOS = YES_AGGRESSIVE;
				GCC_WARN_UNUSED_FUNCTION = YES;
				GCC_WARN_UNUSED_VARIABLE = YES;
				IPHONEOS_DEPLOYMENT_TARGET = 10.0;
				MTL_ENABLE_DEBUG_INFO = NO;
				SDKROOT = iphoneos;
				SWIFT_OPTIMIZATION_LEVEL = "-Owholemodule";
				VALIDATE_PRODUCT = YES;
			};
			name = Release;
		};
		8B4115651FDB2CEF00C6614C /* Debug */ = {
			isa = XCBuildConfiguration;
			baseConfigurationReference = 7C60842BBC33FD63E648DBC6 /* Pods-Circle.debug.xcconfig */;
			buildSettings = {
				ALWAYS_EMBED_SWIFT_STANDARD_LIBRARIES = YES;
				ASSETCATALOG_COMPILER_APPICON_NAME = AppIcon;
				CLANG_ENABLE_MODULES = YES;
				"CODE_SIGN_IDENTITY[sdk=iphoneos*]" = "iPhone Developer";
				CODE_SIGN_STYLE = Automatic;
				CURRENT_PROJECT_VERSION = 178;
				DEVELOPMENT_TEAM = P44LMMDHV3;
				FRAMEWORK_SEARCH_PATHS = (
					"$(inherited)",
					"$(PROJECT_DIR)",
				);
				INFOPLIST_FILE = "$(SRCROOT)/Circle/Info plist/Info.plist";
				IPHONEOS_DEPLOYMENT_TARGET = 10.0;
				LD_RUNPATH_SEARCH_PATHS = "$(inherited) @executable_path/Frameworks";
				PRODUCT_BUNDLE_IDENTIFIER = com.kviatkovskii.Circle;
				PRODUCT_NAME = "$(TARGET_NAME)";
				PROVISIONING_PROFILE_SPECIFIER = "";
				SWIFT_OBJC_BRIDGING_HEADER = "Circle/Circle-Bridging-Header.h";
				SWIFT_OPTIMIZATION_LEVEL = "-Onone";
				SWIFT_VERSION = 4.0;
				TARGETED_DEVICE_FAMILY = 1;
				VERSIONING_SYSTEM = "";
			};
			name = Debug;
		};
		8B4115661FDB2CEF00C6614C /* Release */ = {
			isa = XCBuildConfiguration;
			baseConfigurationReference = 65187D40B7A35C90F17F99D7 /* Pods-Circle.release.xcconfig */;
			buildSettings = {
				ALWAYS_EMBED_SWIFT_STANDARD_LIBRARIES = YES;
				ASSETCATALOG_COMPILER_APPICON_NAME = AppIcon;
				CLANG_ENABLE_MODULES = YES;
				"CODE_SIGN_IDENTITY[sdk=iphoneos*]" = "iPhone Developer";
				CODE_SIGN_STYLE = Automatic;
				CURRENT_PROJECT_VERSION = 178;
				DEVELOPMENT_TEAM = P44LMMDHV3;
				FRAMEWORK_SEARCH_PATHS = (
					"$(inherited)",
					"$(PROJECT_DIR)",
				);
				INFOPLIST_FILE = "$(SRCROOT)/Circle/Info plist/Info.plist";
				IPHONEOS_DEPLOYMENT_TARGET = 10.0;
				LD_RUNPATH_SEARCH_PATHS = "$(inherited) @executable_path/Frameworks";
				PRODUCT_BUNDLE_IDENTIFIER = com.kviatkovskii.Circle;
				PRODUCT_NAME = "$(TARGET_NAME)";
				PROVISIONING_PROFILE_SPECIFIER = "";
				SWIFT_OBJC_BRIDGING_HEADER = "Circle/Circle-Bridging-Header.h";
				SWIFT_VERSION = 4.0;
				TARGETED_DEVICE_FAMILY = 1;
				VERSIONING_SYSTEM = "";
			};
			name = Release;
		};
		8B4115681FDB2CEF00C6614C /* Debug */ = {
			isa = XCBuildConfiguration;
			baseConfigurationReference = B0DF7CDED56C3712288ED366 /* Pods-CircleTests.debug.xcconfig */;
			buildSettings = {
				ALWAYS_EMBED_SWIFT_STANDARD_LIBRARIES = YES;
				BUNDLE_LOADER = "$(TEST_HOST)";
				CODE_SIGN_STYLE = Automatic;
				DEVELOPMENT_TEAM = P44LMMDHV3;
				INFOPLIST_FILE = CircleTests/Info.plist;
				LD_RUNPATH_SEARCH_PATHS = "$(inherited) @executable_path/Frameworks @loader_path/Frameworks";
				PRODUCT_BUNDLE_IDENTIFIER = com.kviatkovskii.CircleTests;
				PRODUCT_NAME = "$(TARGET_NAME)";
				SWIFT_OBJC_BRIDGING_HEADER = "Circle/Circle-Bridging-Header.h";
				SWIFT_VERSION = 4.0;
				TARGETED_DEVICE_FAMILY = "1,2";
				TEST_HOST = "$(BUILT_PRODUCTS_DIR)/Circle.app/Circle";
			};
			name = Debug;
		};
		8B4115691FDB2CEF00C6614C /* Release */ = {
			isa = XCBuildConfiguration;
			baseConfigurationReference = F8A689D0A03FBE0C3621184D /* Pods-CircleTests.release.xcconfig */;
			buildSettings = {
				ALWAYS_EMBED_SWIFT_STANDARD_LIBRARIES = YES;
				BUNDLE_LOADER = "$(TEST_HOST)";
				CODE_SIGN_STYLE = Automatic;
				DEVELOPMENT_TEAM = P44LMMDHV3;
				INFOPLIST_FILE = CircleTests/Info.plist;
				LD_RUNPATH_SEARCH_PATHS = "$(inherited) @executable_path/Frameworks @loader_path/Frameworks";
				PRODUCT_BUNDLE_IDENTIFIER = com.kviatkovskii.CircleTests;
				PRODUCT_NAME = "$(TARGET_NAME)";
				SWIFT_OBJC_BRIDGING_HEADER = "Circle/Circle-Bridging-Header.h";
				SWIFT_VERSION = 4.0;
				TARGETED_DEVICE_FAMILY = "1,2";
				TEST_HOST = "$(BUILT_PRODUCTS_DIR)/Circle.app/Circle";
			};
			name = Release;
		};
/* End XCBuildConfiguration section */

/* Begin XCConfigurationList section */
		8B4115421FDB2CEF00C6614C /* Build configuration list for PBXProject "Circle" */ = {
			isa = XCConfigurationList;
			buildConfigurations = (
				8B4115621FDB2CEF00C6614C /* Debug */,
				8B4115631FDB2CEF00C6614C /* Release */,
			);
			defaultConfigurationIsVisible = 0;
			defaultConfigurationName = Release;
		};
		8B4115641FDB2CEF00C6614C /* Build configuration list for PBXNativeTarget "Circle" */ = {
			isa = XCConfigurationList;
			buildConfigurations = (
				8B4115651FDB2CEF00C6614C /* Debug */,
				8B4115661FDB2CEF00C6614C /* Release */,
			);
			defaultConfigurationIsVisible = 0;
			defaultConfigurationName = Release;
		};
		8B4115671FDB2CEF00C6614C /* Build configuration list for PBXNativeTarget "CircleTests" */ = {
			isa = XCConfigurationList;
			buildConfigurations = (
				8B4115681FDB2CEF00C6614C /* Debug */,
				8B4115691FDB2CEF00C6614C /* Release */,
			);
			defaultConfigurationIsVisible = 0;
			defaultConfigurationName = Release;
		};
/* End XCConfigurationList section */
	};
	rootObject = 8B41153F1FDB2CEF00C6614C /* Project object */;
}
